
Microsoft Visual Studio Solution File, Format Version 12.00
# Visual Studio 15
VisualStudioVersion = 15.0.28307.136
MinimumVisualStudioVersion = 10.0.40219.1
Project("{FAE04EC0-301F-11D3-BF4B-00C04F79EFBC}") = "SendReceive", "SendReceive\SendReceive.csproj", "{7004C6C1-6747-4196-8CBE-6C240547759B}"
EndProject
Project("{FAE04EC0-301F-11D3-BF4B-00C04F79EFBC}") = "Send", "Send\Send.csproj", "{B8708546-2B66-4CA3-A4B1-A00B63E06138}"
EndProject
Project("{FAE04EC0-301F-11D3-BF4B-00C04F79EFBC}") = "Receive", "Receive\Receive.csproj", "{F9EE6435-AB33-43EF-8E41-C6A626B0E0A9}"
EndProject
Global
	GlobalSection(SolutionConfigurationPlatforms) = preSolution
		Debug|Any CPU = Debug|Any CPU
		Release|Any CPU = Release|Any CPU
	EndGlobalSection
	GlobalSection(ProjectConfigurationPlatforms) = postSolution
		{7004C6C1-6747-4196-8CBE-6C240547759B}.Debug|Any CPU.ActiveCfg = Debug|Any CPU
		{7004C6C1-6747-4196-8CBE-6C240547759B}.Debug|Any CPU.Build.0 = Debug|Any CPU
		{7004C6C1-6747-4196-8CBE-6C240547759B}.Release|Any CPU.ActiveCfg = Release|Any CPU
		{7004C6C1-6747-4196-8CBE-6C240547759B}.Release|Any CPU.Build.0 = Release|Any CPU
		{B8708546-2B66-4CA3-A4B1-A00B63E06138}.Debug|Any CPU.ActiveCfg = Debug|Any CPU
		{B8708546-2B66-4CA3-A4B1-A00B63E06138}.Debug|Any CPU.Build.0 = Debug|Any CPU
		{B8708546-2B66-4CA3-A4B1-A00B63E06138}.Release|Any CPU.ActiveCfg = Release|Any CPU
		{B8708546-2B66-4CA3-A4B1-A00B63E06138}.Release|Any CPU.Build.0 = Release|Any CPU
		{F9EE6435-AB33-43EF-8E41-C6A626B0E0A9}.Debug|Any CPU.ActiveCfg = Debug|Any CPU
		{F9EE6435-AB33-43EF-8E41-C6A626B0E0A9}.Debug|Any CPU.Build.0 = Debug|Any CPU
		{F9EE6435-AB33-43EF-8E41-C6A626B0E0A9}.Release|Any CPU.ActiveCfg = Release|Any CPU
		{F9EE6435-AB33-43EF-8E41-C6A626B0E0A9}.Release|Any CPU.Build.0 = Release|Any CPU
	EndGlobalSection
	GlobalSection(SolutionProperties) = preSolution
		HideSolutionNode = FALSE
	EndGlobalSection
	GlobalSection(ExtensibilityGlobals) = postSolution
		SolutionGuid = {737A5EB8-06B9-43C3-B9E1-4E8C4E31C904}
	EndGlobalSection
EndGlobal
