
Microsoft Visual Studio Solution File, Format Version 11.00
# Visual Basic Express 2010
Project("{F184B08F-C81C-45F6-A57F-5ABD9991F28F}") = "12DaysOfChristmas", "12DaysOfChristmas\12DaysOfChristmas.vbproj", "{A2E3B2B9-E406-4BB2-AAF5-BE71F41644DA}"
EndProject
Global
	GlobalSection(SolutionConfigurationPlatforms) = preSolution
		Debug|x86 = Debug|x86
		Release|x86 = Release|x86
	EndGlobalSection
	GlobalSection(ProjectConfigurationPlatforms) = postSolution
		{A2E3B2B9-E406-4BB2-AAF5-BE71F41644DA}.Debug|x86.ActiveCfg = Debug|x86
		{A2E3B2B9-E406-4BB2-AAF5-BE71F41644DA}.Debug|x86.Build.0 = Debug|x86
		{A2E3B2B9-E406-4BB2-AAF5-BE71F41644DA}.Release|x86.ActiveCfg = Release|x86
		{A2E3B2B9-E406-4BB2-AAF5-BE71F41644DA}.Release|x86.Build.0 = Release|x86
	EndGlobalSection
	GlobalSection(SolutionProperties) = preSolution
		HideSolutionNode = FALSE
	EndGlobalSection
EndGlobal
