
Microsoft Visual Studio Solution File, Format Version 12.00
# Visual Studio 15
VisualStudioVersion = 15.0.27703.2035
MinimumVisualStudioVersion = 10.0.40219.1
Project("{FAE04EC0-301F-11D3-BF4B-00C04F79EFBC}") = "CallerInfo", "CallerInfo\CallerInfo.csproj", "{70E50E4F-EB96-4F90-9EEA-6192F9BDC3B7}"
EndProject
Global
	GlobalSection(SolutionConfigurationPlatforms) = preSolution
		Debug|Any CPU = Debug|Any CPU
		Release|Any CPU = Release|Any CPU
	EndGlobalSection
	GlobalSection(ProjectConfigurationPlatforms) = postSolution
		{70E50E4F-EB96-4F90-9EEA-6192F9BDC3B7}.Debug|Any CPU.ActiveCfg = Debug|Any CPU
		{70E50E4F-EB96-4F90-9EEA-6192F9BDC3B7}.Debug|Any CPU.Build.0 = Debug|Any CPU
		{70E50E4F-EB96-4F90-9EEA-6192F9BDC3B7}.Release|Any CPU.ActiveCfg = Release|Any CPU
		{70E50E4F-EB96-4F90-9EEA-6192F9BDC3B7}.Release|Any CPU.Build.0 = Release|Any CPU
	EndGlobalSection
	GlobalSection(SolutionProperties) = preSolution
		HideSolutionNode = FALSE
	EndGlobalSection
	GlobalSection(ExtensibilityGlobals) = postSolution
		SolutionGuid = {75DE7D4D-A477-4FC8-BE27-CF7092A35493}
	EndGlobalSection
EndGlobal
