
Microsoft Visual Studio Solution File, Format Version 11.00
# Visual Studio 2010
Project("{8BC9CEB8-8B4A-11D0-8D11-00A0C91BC942}") = "SquareBinomialOfDegree1", "SquareBinomialOfDegree1\SquareBinomialOfDegree1.vcxproj", "{940B3FC0-4C54-4EB3-AEBF-9139ADC48935}"
EndProject
Global
	GlobalSection(SolutionConfigurationPlatforms) = preSolution
		Debug|Win32 = Debug|Win32
		Release|Win32 = Release|Win32
	EndGlobalSection
	GlobalSection(ProjectConfigurationPlatforms) = postSolution
		{940B3FC0-4C54-4EB3-AEBF-9139ADC48935}.Debug|Win32.ActiveCfg = Debug|Win32
		{940B3FC0-4C54-4EB3-AEBF-9139ADC48935}.Debug|Win32.Build.0 = Debug|Win32
		{940B3FC0-4C54-4EB3-AEBF-9139ADC48935}.Release|Win32.ActiveCfg = Release|Win32
		{940B3FC0-4C54-4EB3-AEBF-9139ADC48935}.Release|Win32.Build.0 = Release|Win32
	EndGlobalSection
	GlobalSection(SolutionProperties) = preSolution
		HideSolutionNode = FALSE
	EndGlobalSection
EndGlobal
