
Microsoft Visual Studio Solution File, Format Version 11.00
# Visual Basic Express 2010
Project("{F184B08F-C81C-45F6-A57F-5ABD9991F28F}") = "WhichForm", "WhichForm\WhichForm.vbproj", "{821DA248-08E7-4AA4-BA93-A5A8A7884487}"
EndProject
Global
	GlobalSection(SolutionConfigurationPlatforms) = preSolution
		Debug|x86 = Debug|x86
		Release|x86 = Release|x86
	EndGlobalSection
	GlobalSection(ProjectConfigurationPlatforms) = postSolution
		{821DA248-08E7-4AA4-BA93-A5A8A7884487}.Debug|x86.ActiveCfg = Debug|x86
		{821DA248-08E7-4AA4-BA93-A5A8A7884487}.Debug|x86.Build.0 = Debug|x86
		{821DA248-08E7-4AA4-BA93-A5A8A7884487}.Release|x86.ActiveCfg = Release|x86
		{821DA248-08E7-4AA4-BA93-A5A8A7884487}.Release|x86.Build.0 = Release|x86
	EndGlobalSection
	GlobalSection(SolutionProperties) = preSolution
		HideSolutionNode = FALSE
	EndGlobalSection
EndGlobal
