
Microsoft Visual Studio Solution File, Format Version 12.00
# Visual Studio 15
VisualStudioVersion = 15.0.27130.2024
MinimumVisualStudioVersion = 10.0.40219.1
Project("{FAE04EC0-301F-11D3-BF4B-00C04F79EFBC}") = "MvcMovie", "MvcMovie\MvcMovie.csproj", "{460093D2-D3DF-480D-9A4D-166CB5350107}"
EndProject
Global
	GlobalSection(SolutionConfigurationPlatforms) = preSolution
		Debug|Any CPU = Debug|Any CPU
		Release|Any CPU = Release|Any CPU
	EndGlobalSection
	GlobalSection(ProjectConfigurationPlatforms) = postSolution
		{460093D2-D3DF-480D-9A4D-166CB5350107}.Debug|Any CPU.ActiveCfg = Debug|Any CPU
		{460093D2-D3DF-480D-9A4D-166CB5350107}.Debug|Any CPU.Build.0 = Debug|Any CPU
		{460093D2-D3DF-480D-9A4D-166CB5350107}.Release|Any CPU.ActiveCfg = Release|Any CPU
		{460093D2-D3DF-480D-9A4D-166CB5350107}.Release|Any CPU.Build.0 = Release|Any CPU
	EndGlobalSection
	GlobalSection(SolutionProperties) = preSolution
		HideSolutionNode = FALSE
	EndGlobalSection
	GlobalSection(ExtensibilityGlobals) = postSolution
		SolutionGuid = {F1CD9DED-6033-4807-942D-CFA09D4BC187}
	EndGlobalSection
EndGlobal
