
Microsoft Visual Studio Solution File, Format Version 12.00
# Visual Studio 15
VisualStudioVersion = 15.0.27130.2010
MinimumVisualStudioVersion = 10.0.40219.1
Project("{FAE04EC0-301F-11D3-BF4B-00C04F79EFBC}") = "IsUnique", "IsUnique\IsUnique.csproj", "{519989FE-6DC2-49DD-9C65-FFA952B3A63B}"
EndProject
Global
	GlobalSection(SolutionConfigurationPlatforms) = preSolution
		Debug|Any CPU = Debug|Any CPU
		Release|Any CPU = Release|Any CPU
	EndGlobalSection
	GlobalSection(ProjectConfigurationPlatforms) = postSolution
		{519989FE-6DC2-49DD-9C65-FFA952B3A63B}.Debug|Any CPU.ActiveCfg = Debug|Any CPU
		{519989FE-6DC2-49DD-9C65-FFA952B3A63B}.Debug|Any CPU.Build.0 = Debug|Any CPU
		{519989FE-6DC2-49DD-9C65-FFA952B3A63B}.Release|Any CPU.ActiveCfg = Release|Any CPU
		{519989FE-6DC2-49DD-9C65-FFA952B3A63B}.Release|Any CPU.Build.0 = Release|Any CPU
	EndGlobalSection
	GlobalSection(SolutionProperties) = preSolution
		HideSolutionNode = FALSE
	EndGlobalSection
	GlobalSection(ExtensibilityGlobals) = postSolution
		SolutionGuid = {5976F10F-11B1-46B4-820B-FA0A46776573}
	EndGlobalSection
EndGlobal
