
Microsoft Visual Studio Solution File, Format Version 12.00
# Visual Studio 15
VisualStudioVersion = 15.0.27703.2035
MinimumVisualStudioVersion = 10.0.40219.1
Project("{FAE04EC0-301F-11D3-BF4B-00C04F79EFBC}") = "AsyncLocalFetching", "AsyncLocalFetching\AsyncLocalFetching.csproj", "{FF17E627-6E20-4CA1-BDD8-8383D1F798A8}"
EndProject
Global
	GlobalSection(SolutionConfigurationPlatforms) = preSolution
		Debug|Any CPU = Debug|Any CPU
		Release|Any CPU = Release|Any CPU
	EndGlobalSection
	GlobalSection(ProjectConfigurationPlatforms) = postSolution
		{FF17E627-6E20-4CA1-BDD8-8383D1F798A8}.Debug|Any CPU.ActiveCfg = Debug|Any CPU
		{FF17E627-6E20-4CA1-BDD8-8383D1F798A8}.Debug|Any CPU.Build.0 = Debug|Any CPU
		{FF17E627-6E20-4CA1-BDD8-8383D1F798A8}.Release|Any CPU.ActiveCfg = Release|Any CPU
		{FF17E627-6E20-4CA1-BDD8-8383D1F798A8}.Release|Any CPU.Build.0 = Release|Any CPU
	EndGlobalSection
	GlobalSection(SolutionProperties) = preSolution
		HideSolutionNode = FALSE
	EndGlobalSection
	GlobalSection(ExtensibilityGlobals) = postSolution
		SolutionGuid = {D2450700-65EA-4D24-AA59-7359913FFE2D}
	EndGlobalSection
EndGlobal
