
Microsoft Visual Studio Solution File, Format Version 12.00
# Visual Studio Version 17
VisualStudioVersion = 17.1.32421.90
MinimumVisualStudioVersion = 10.0.40219.1
Project("{2150E333-8FDC-42A3-9474-1A3956D46DE8}") = "C-Sharp", "C-Sharp", "{251BEFF5-6819-42B5-B17E-E3B56D1C57F7}"
EndProject
Project("{9A19103F-16F7-4668-BE54-9A1E7A4F7556}") = "MultipleAsync", "C-Sharp\MultipleAsync\MultipleAsync.csproj", "{0F7ECBC3-3425-4D4B-90F9-2650D06DD3AF}"
EndProject
Project("{2150E333-8FDC-42A3-9474-1A3956D46DE8}") = "SendReceive", "SendReceive", "{2ADDCB13-2CA4-4FE6-8DB1-29A319CAC528}"
EndProject
Project("{2150E333-8FDC-42A3-9474-1A3956D46DE8}") = "RabbitMQ", "RabbitMQ", "{DDECDC2F-7528-42ED-AE45-80CBE024206F}"
EndProject
Project("{9A19103F-16F7-4668-BE54-9A1E7A4F7556}") = "Receive", "C-Sharp\RabbitMQ\SendReceive\Receive\Receive.csproj", "{983563EE-38F1-48ED-B9B7-6FF9299A1A4C}"
EndProject
Project("{9A19103F-16F7-4668-BE54-9A1E7A4F7556}") = "Send", "C-Sharp\RabbitMQ\SendReceive\Send\Send.csproj", "{14F0DE8F-0387-4D88-A660-034AA50E41CF}"
EndProject
Project("{2150E333-8FDC-42A3-9474-1A3956D46DE8}") = "WorkQueues", "WorkQueues", "{02654223-E09D-48B8-9CE9-01F4EA3807E3}"
EndProject
Project("{9A19103F-16F7-4668-BE54-9A1E7A4F7556}") = "NewTask", "C-Sharp\RabbitMQ\WorkQueues\NewTask\NewTask.csproj", "{25B863A9-92D0-415A-8F1B-AD945B7CCF65}"
EndProject
Project("{9A19103F-16F7-4668-BE54-9A1E7A4F7556}") = "Worker", "C-Sharp\RabbitMQ\WorkQueues\Worker\Worker.csproj", "{6220E0D5-E352-4695-9CEB-77EF66BAB708}"
EndProject
Project("{9A19103F-16F7-4668-BE54-9A1E7A4F7556}") = "Cache", "C-Sharp\Cache\Cache.csproj", "{8EA76589-D879-4205-B3FD-BE67F05CFE58}"
EndProject
Project("{9A19103F-16F7-4668-BE54-9A1E7A4F7556}") = "Cache.Test", "C-Sharp\Cache.Test\Cache.Test.csproj", "{67AF240F-72E7-40B0-ADCA-E3E5D854E544}"
EndProject
Project("{9A19103F-16F7-4668-BE54-9A1E7A4F7556}") = "DataStructures", "C-Sharp\DataStructures\DataStructures.csproj", "{3D9DBE0F-32C7-46AA-9EBC-61F128459291}"
EndProject
Project("{9A19103F-16F7-4668-BE54-9A1E7A4F7556}") = "DataStructures.Test", "C-Sharp\DataStructures.Test\DataStructures.Test.csproj", "{C09F6DCC-CAF4-495B-A61E-2AAFE03CCC7F}"
EndProject
Project("{9A19103F-16F7-4668-BE54-9A1E7A4F7556}") = "Permutations", "C-Sharp\Permutations\Permutations.csproj", "{3017DFF6-94B0-45FD-990D-774D1668C32A}"
EndProject
Project("{9A19103F-16F7-4668-BE54-9A1E7A4F7556}") = "Sorting", "C-Sharp\Sorting\Sorting.csproj", "{031B06DA-A763-48B3-966B-51D8F9D0136B}"
EndProject
Project("{9A19103F-16F7-4668-BE54-9A1E7A4F7556}") = "Sorting.Lib", "C-Sharp\Sorting.Lib\Sorting.Lib.csproj", "{B0F17F01-CD35-4D64-9227-4C494590699D}"
EndProject
Project("{9A19103F-16F7-4668-BE54-9A1E7A4F7556}") = "Sorting.Test", "C-Sharp\Sorting.Test\Sorting.Test.csproj", "{11BAE289-739D-403D-9EA9-7B518AC34D8B}"
EndProject
Project("{2150E333-8FDC-42A3-9474-1A3956D46DE8}") = "F-Sharp", "F-Sharp", "{F2C61FE3-D013-4539-9849-E72CC07F11F1}"
EndProject
Project("{6EC3EE1D-3C4E-46DD-8F32-0CC8E7565705}") = "HelloWorld", "F-Sharp\HelloWorld\HelloWorld.fsproj", "{205672F6-F5AF-4DD8-A38D-97CE13BBBB0A}"
EndProject
Project("{6EC3EE1D-3C4E-46DD-8F32-0CC8E7565705}") = "AttributeTargets", "F-Sharp\AttributeTargets\AttributeTargets.fsproj", "{7F955A64-BC1F-4274-A211-B0B9460DC03E}"
EndProject
Project("{2150E333-8FDC-42A3-9474-1A3956D46DE8}") = "PubSub", "PubSub", "{5A3479F0-CB93-43E2-9B57-549E4B1F423B}"
EndProject
Project("{9A19103F-16F7-4668-BE54-9A1E7A4F7556}") = "EmitLog", "C-Sharp\RabbitMQ\PubSub\EmitLog\EmitLog.csproj", "{18C79DBC-13C6-4FB2-9505-2E98FD1B8249}"
EndProject
Project("{9A19103F-16F7-4668-BE54-9A1E7A4F7556}") = "ReceiveLogs", "C-Sharp\RabbitMQ\PubSub\ReceiveLogs\ReceiveLogs.csproj", "{175CAA0D-AAED-416C-BD27-9347B894BC36}"
EndProject
Project("{2150E333-8FDC-42A3-9474-1A3956D46DE8}") = "Graphs", "Graphs", "{8F7E2612-DB89-4F2F-A87C-269630799C01}"
EndProject
Project("{9A19103F-16F7-4668-BE54-9A1E7A4F7556}") = "AdjacencyListToDot", "C-Sharp\Graphs\AdjacencyListToDot\AdjacencyListToDot.csproj", "{08D0395B-BCC3-4C9F-8A37-0143AD954075}"
EndProject
Project("{9A19103F-16F7-4668-BE54-9A1E7A4F7556}") = "AdjacencyMatrixToDot", "C-Sharp\Graphs\AdjacencyMatrixToDot\AdjacencyMatrixToDot.csproj", "{F171C6A2-F2D1-44C2-AC7E-BF7C6F5CF68B}"
EndProject
Project("{9A19103F-16F7-4668-BE54-9A1E7A4F7556}") = "Graphs", "C-Sharp\Graphs\Graphs\Graphs.csproj", "{323A1975-5DC7-459E-A368-1E4EB815C180}"
EndProject
Project("{9A19103F-16F7-4668-BE54-9A1E7A4F7556}") = "GenerateAdjacencyList", "C-Sharp\Graphs\GenerateAdjacencyList\GenerateAdjacencyList.csproj", "{84E109AE-9786-4D6C-A119-D5D0CE989E09}"
EndProject
Project("{6EC3EE1D-3C4E-46DD-8F32-0CC8E7565705}") = "ReproducingMarbles", "F-Sharp\ReproducingMarbles\ReproducingMarbles.fsproj", "{825741BD-8A37-4C55-89BE-A463FB8B9B82}"
EndProject
Project("{F2A71F9B-5D33-465A-A702-920D77279786}") = "ReproducingMarbles.Test", "F-Sharp\ReproducingMarbles.Test\ReproducingMarbles.Test.fsproj", "{E83BA901-EC37-497C-BBFF-C397977C5A2F}"
EndProject
Global
	GlobalSection(SolutionConfigurationPlatforms) = preSolution
		Debug|Any CPU = Debug|Any CPU
		Debug|x86 = Debug|x86
		Release|Any CPU = Release|Any CPU
		Release|x86 = Release|x86
	EndGlobalSection
	GlobalSection(ProjectConfigurationPlatforms) = postSolution
		{0F7ECBC3-3425-4D4B-90F9-2650D06DD3AF}.Debug|Any CPU.ActiveCfg = Debug|Any CPU
		{0F7ECBC3-3425-4D4B-90F9-2650D06DD3AF}.Debug|Any CPU.Build.0 = Debug|Any CPU
		{0F7ECBC3-3425-4D4B-90F9-2650D06DD3AF}.Debug|x86.ActiveCfg = Debug|Any CPU
		{0F7ECBC3-3425-4D4B-90F9-2650D06DD3AF}.Debug|x86.Build.0 = Debug|Any CPU
		{0F7ECBC3-3425-4D4B-90F9-2650D06DD3AF}.Release|Any CPU.ActiveCfg = Release|Any CPU
		{0F7ECBC3-3425-4D4B-90F9-2650D06DD3AF}.Release|Any CPU.Build.0 = Release|Any CPU
		{0F7ECBC3-3425-4D4B-90F9-2650D06DD3AF}.Release|x86.ActiveCfg = Release|Any CPU
		{0F7ECBC3-3425-4D4B-90F9-2650D06DD3AF}.Release|x86.Build.0 = Release|Any CPU
		{983563EE-38F1-48ED-B9B7-6FF9299A1A4C}.Debug|Any CPU.ActiveCfg = Debug|Any CPU
		{983563EE-38F1-48ED-B9B7-6FF9299A1A4C}.Debug|Any CPU.Build.0 = Debug|Any CPU
		{983563EE-38F1-48ED-B9B7-6FF9299A1A4C}.Debug|x86.ActiveCfg = Debug|Any CPU
		{983563EE-38F1-48ED-B9B7-6FF9299A1A4C}.Debug|x86.Build.0 = Debug|Any CPU
		{983563EE-38F1-48ED-B9B7-6FF9299A1A4C}.Release|Any CPU.ActiveCfg = Release|Any CPU
		{983563EE-38F1-48ED-B9B7-6FF9299A1A4C}.Release|Any CPU.Build.0 = Release|Any CPU
		{983563EE-38F1-48ED-B9B7-6FF9299A1A4C}.Release|x86.ActiveCfg = Release|Any CPU
		{983563EE-38F1-48ED-B9B7-6FF9299A1A4C}.Release|x86.Build.0 = Release|Any CPU
		{14F0DE8F-0387-4D88-A660-034AA50E41CF}.Debug|Any CPU.ActiveCfg = Debug|Any CPU
		{14F0DE8F-0387-4D88-A660-034AA50E41CF}.Debug|Any CPU.Build.0 = Debug|Any CPU
		{14F0DE8F-0387-4D88-A660-034AA50E41CF}.Debug|x86.ActiveCfg = Debug|Any CPU
		{14F0DE8F-0387-4D88-A660-034AA50E41CF}.Debug|x86.Build.0 = Debug|Any CPU
		{14F0DE8F-0387-4D88-A660-034AA50E41CF}.Release|Any CPU.ActiveCfg = Release|Any CPU
		{14F0DE8F-0387-4D88-A660-034AA50E41CF}.Release|Any CPU.Build.0 = Release|Any CPU
		{14F0DE8F-0387-4D88-A660-034AA50E41CF}.Release|x86.ActiveCfg = Release|Any CPU
		{14F0DE8F-0387-4D88-A660-034AA50E41CF}.Release|x86.Build.0 = Release|Any CPU
		{25B863A9-92D0-415A-8F1B-AD945B7CCF65}.Debug|Any CPU.ActiveCfg = Debug|Any CPU
		{25B863A9-92D0-415A-8F1B-AD945B7CCF65}.Debug|Any CPU.Build.0 = Debug|Any CPU
		{25B863A9-92D0-415A-8F1B-AD945B7CCF65}.Debug|x86.ActiveCfg = Debug|Any CPU
		{25B863A9-92D0-415A-8F1B-AD945B7CCF65}.Debug|x86.Build.0 = Debug|Any CPU
		{25B863A9-92D0-415A-8F1B-AD945B7CCF65}.Release|Any CPU.ActiveCfg = Release|Any CPU
		{25B863A9-92D0-415A-8F1B-AD945B7CCF65}.Release|Any CPU.Build.0 = Release|Any CPU
		{25B863A9-92D0-415A-8F1B-AD945B7CCF65}.Release|x86.ActiveCfg = Release|Any CPU
		{25B863A9-92D0-415A-8F1B-AD945B7CCF65}.Release|x86.Build.0 = Release|Any CPU
		{6220E0D5-E352-4695-9CEB-77EF66BAB708}.Debug|Any CPU.ActiveCfg = Debug|Any CPU
		{6220E0D5-E352-4695-9CEB-77EF66BAB708}.Debug|Any CPU.Build.0 = Debug|Any CPU
		{6220E0D5-E352-4695-9CEB-77EF66BAB708}.Debug|x86.ActiveCfg = Debug|Any CPU
		{6220E0D5-E352-4695-9CEB-77EF66BAB708}.Debug|x86.Build.0 = Debug|Any CPU
		{6220E0D5-E352-4695-9CEB-77EF66BAB708}.Release|Any CPU.ActiveCfg = Release|Any CPU
		{6220E0D5-E352-4695-9CEB-77EF66BAB708}.Release|Any CPU.Build.0 = Release|Any CPU
		{6220E0D5-E352-4695-9CEB-77EF66BAB708}.Release|x86.ActiveCfg = Release|Any CPU
		{6220E0D5-E352-4695-9CEB-77EF66BAB708}.Release|x86.Build.0 = Release|Any CPU
		{8EA76589-D879-4205-B3FD-BE67F05CFE58}.Debug|Any CPU.ActiveCfg = Debug|Any CPU
		{8EA76589-D879-4205-B3FD-BE67F05CFE58}.Debug|Any CPU.Build.0 = Debug|Any CPU
		{8EA76589-D879-4205-B3FD-BE67F05CFE58}.Debug|x86.ActiveCfg = Debug|Any CPU
		{8EA76589-D879-4205-B3FD-BE67F05CFE58}.Debug|x86.Build.0 = Debug|Any CPU
		{8EA76589-D879-4205-B3FD-BE67F05CFE58}.Release|Any CPU.ActiveCfg = Release|Any CPU
		{8EA76589-D879-4205-B3FD-BE67F05CFE58}.Release|Any CPU.Build.0 = Release|Any CPU
		{8EA76589-D879-4205-B3FD-BE67F05CFE58}.Release|x86.ActiveCfg = Release|Any CPU
		{8EA76589-D879-4205-B3FD-BE67F05CFE58}.Release|x86.Build.0 = Release|Any CPU
		{67AF240F-72E7-40B0-ADCA-E3E5D854E544}.Debug|Any CPU.ActiveCfg = Debug|Any CPU
		{67AF240F-72E7-40B0-ADCA-E3E5D854E544}.Debug|Any CPU.Build.0 = Debug|Any CPU
		{67AF240F-72E7-40B0-ADCA-E3E5D854E544}.Debug|x86.ActiveCfg = Debug|Any CPU
		{67AF240F-72E7-40B0-ADCA-E3E5D854E544}.Debug|x86.Build.0 = Debug|Any CPU
		{67AF240F-72E7-40B0-ADCA-E3E5D854E544}.Release|Any CPU.ActiveCfg = Release|Any CPU
		{67AF240F-72E7-40B0-ADCA-E3E5D854E544}.Release|Any CPU.Build.0 = Release|Any CPU
		{67AF240F-72E7-40B0-ADCA-E3E5D854E544}.Release|x86.ActiveCfg = Release|Any CPU
		{67AF240F-72E7-40B0-ADCA-E3E5D854E544}.Release|x86.Build.0 = Release|Any CPU
		{3D9DBE0F-32C7-46AA-9EBC-61F128459291}.Debug|Any CPU.ActiveCfg = Debug|Any CPU
		{3D9DBE0F-32C7-46AA-9EBC-61F128459291}.Debug|Any CPU.Build.0 = Debug|Any CPU
		{3D9DBE0F-32C7-46AA-9EBC-61F128459291}.Debug|x86.ActiveCfg = Debug|Any CPU
		{3D9DBE0F-32C7-46AA-9EBC-61F128459291}.Debug|x86.Build.0 = Debug|Any CPU
		{3D9DBE0F-32C7-46AA-9EBC-61F128459291}.Release|Any CPU.ActiveCfg = Release|Any CPU
		{3D9DBE0F-32C7-46AA-9EBC-61F128459291}.Release|Any CPU.Build.0 = Release|Any CPU
		{3D9DBE0F-32C7-46AA-9EBC-61F128459291}.Release|x86.ActiveCfg = Release|Any CPU
		{3D9DBE0F-32C7-46AA-9EBC-61F128459291}.Release|x86.Build.0 = Release|Any CPU
		{C09F6DCC-CAF4-495B-A61E-2AAFE03CCC7F}.Debug|Any CPU.ActiveCfg = Debug|Any CPU
		{C09F6DCC-CAF4-495B-A61E-2AAFE03CCC7F}.Debug|Any CPU.Build.0 = Debug|Any CPU
		{C09F6DCC-CAF4-495B-A61E-2AAFE03CCC7F}.Debug|x86.ActiveCfg = Debug|Any CPU
		{C09F6DCC-CAF4-495B-A61E-2AAFE03CCC7F}.Debug|x86.Build.0 = Debug|Any CPU
		{C09F6DCC-CAF4-495B-A61E-2AAFE03CCC7F}.Release|Any CPU.ActiveCfg = Release|Any CPU
		{C09F6DCC-CAF4-495B-A61E-2AAFE03CCC7F}.Release|Any CPU.Build.0 = Release|Any CPU
		{C09F6DCC-CAF4-495B-A61E-2AAFE03CCC7F}.Release|x86.ActiveCfg = Release|Any CPU
		{C09F6DCC-CAF4-495B-A61E-2AAFE03CCC7F}.Release|x86.Build.0 = Release|Any CPU
		{3017DFF6-94B0-45FD-990D-774D1668C32A}.Debug|Any CPU.ActiveCfg = Debug|Any CPU
		{3017DFF6-94B0-45FD-990D-774D1668C32A}.Debug|Any CPU.Build.0 = Debug|Any CPU
		{3017DFF6-94B0-45FD-990D-774D1668C32A}.Debug|x86.ActiveCfg = Debug|Any CPU
		{3017DFF6-94B0-45FD-990D-774D1668C32A}.Debug|x86.Build.0 = Debug|Any CPU
		{3017DFF6-94B0-45FD-990D-774D1668C32A}.Release|Any CPU.ActiveCfg = Release|Any CPU
		{3017DFF6-94B0-45FD-990D-774D1668C32A}.Release|Any CPU.Build.0 = Release|Any CPU
		{3017DFF6-94B0-45FD-990D-774D1668C32A}.Release|x86.ActiveCfg = Release|Any CPU
		{3017DFF6-94B0-45FD-990D-774D1668C32A}.Release|x86.Build.0 = Release|Any CPU
		{031B06DA-A763-48B3-966B-51D8F9D0136B}.Debug|Any CPU.ActiveCfg = Debug|Any CPU
		{031B06DA-A763-48B3-966B-51D8F9D0136B}.Debug|Any CPU.Build.0 = Debug|Any CPU
		{031B06DA-A763-48B3-966B-51D8F9D0136B}.Debug|x86.ActiveCfg = Debug|Any CPU
		{031B06DA-A763-48B3-966B-51D8F9D0136B}.Debug|x86.Build.0 = Debug|Any CPU
		{031B06DA-A763-48B3-966B-51D8F9D0136B}.Release|Any CPU.ActiveCfg = Release|Any CPU
		{031B06DA-A763-48B3-966B-51D8F9D0136B}.Release|Any CPU.Build.0 = Release|Any CPU
		{031B06DA-A763-48B3-966B-51D8F9D0136B}.Release|x86.ActiveCfg = Release|Any CPU
		{031B06DA-A763-48B3-966B-51D8F9D0136B}.Release|x86.Build.0 = Release|Any CPU
		{B0F17F01-CD35-4D64-9227-4C494590699D}.Debug|Any CPU.ActiveCfg = Debug|Any CPU
		{B0F17F01-CD35-4D64-9227-4C494590699D}.Debug|Any CPU.Build.0 = Debug|Any CPU
		{B0F17F01-CD35-4D64-9227-4C494590699D}.Debug|x86.ActiveCfg = Debug|Any CPU
		{B0F17F01-CD35-4D64-9227-4C494590699D}.Debug|x86.Build.0 = Debug|Any CPU
		{B0F17F01-CD35-4D64-9227-4C494590699D}.Release|Any CPU.ActiveCfg = Release|Any CPU
		{B0F17F01-CD35-4D64-9227-4C494590699D}.Release|Any CPU.Build.0 = Release|Any CPU
		{B0F17F01-CD35-4D64-9227-4C494590699D}.Release|x86.ActiveCfg = Release|Any CPU
		{B0F17F01-CD35-4D64-9227-4C494590699D}.Release|x86.Build.0 = Release|Any CPU
		{11BAE289-739D-403D-9EA9-7B518AC34D8B}.Debug|Any CPU.ActiveCfg = Debug|Any CPU
		{11BAE289-739D-403D-9EA9-7B518AC34D8B}.Debug|Any CPU.Build.0 = Debug|Any CPU
		{11BAE289-739D-403D-9EA9-7B518AC34D8B}.Debug|x86.ActiveCfg = Debug|Any CPU
		{11BAE289-739D-403D-9EA9-7B518AC34D8B}.Debug|x86.Build.0 = Debug|Any CPU
		{11BAE289-739D-403D-9EA9-7B518AC34D8B}.Release|Any CPU.ActiveCfg = Release|Any CPU
		{11BAE289-739D-403D-9EA9-7B518AC34D8B}.Release|Any CPU.Build.0 = Release|Any CPU
		{11BAE289-739D-403D-9EA9-7B518AC34D8B}.Release|x86.ActiveCfg = Release|Any CPU
		{11BAE289-739D-403D-9EA9-7B518AC34D8B}.Release|x86.Build.0 = Release|Any CPU
		{205672F6-F5AF-4DD8-A38D-97CE13BBBB0A}.Debug|Any CPU.ActiveCfg = Debug|Any CPU
		{205672F6-F5AF-4DD8-A38D-97CE13BBBB0A}.Debug|Any CPU.Build.0 = Debug|Any CPU
		{205672F6-F5AF-4DD8-A38D-97CE13BBBB0A}.Debug|x86.ActiveCfg = Debug|Any CPU
		{205672F6-F5AF-4DD8-A38D-97CE13BBBB0A}.Debug|x86.Build.0 = Debug|Any CPU
		{205672F6-F5AF-4DD8-A38D-97CE13BBBB0A}.Release|Any CPU.ActiveCfg = Release|Any CPU
		{205672F6-F5AF-4DD8-A38D-97CE13BBBB0A}.Release|Any CPU.Build.0 = Release|Any CPU
		{205672F6-F5AF-4DD8-A38D-97CE13BBBB0A}.Release|x86.ActiveCfg = Release|Any CPU
		{205672F6-F5AF-4DD8-A38D-97CE13BBBB0A}.Release|x86.Build.0 = Release|Any CPU
		{7F955A64-BC1F-4274-A211-B0B9460DC03E}.Debug|Any CPU.ActiveCfg = Debug|Any CPU
		{7F955A64-BC1F-4274-A211-B0B9460DC03E}.Debug|Any CPU.Build.0 = Debug|Any CPU
		{7F955A64-BC1F-4274-A211-B0B9460DC03E}.Debug|x86.ActiveCfg = Debug|Any CPU
		{7F955A64-BC1F-4274-A211-B0B9460DC03E}.Debug|x86.Build.0 = Debug|Any CPU
		{7F955A64-BC1F-4274-A211-B0B9460DC03E}.Release|Any CPU.ActiveCfg = Release|Any CPU
		{7F955A64-BC1F-4274-A211-B0B9460DC03E}.Release|Any CPU.Build.0 = Release|Any CPU
		{7F955A64-BC1F-4274-A211-B0B9460DC03E}.Release|x86.ActiveCfg = Release|Any CPU
		{7F955A64-BC1F-4274-A211-B0B9460DC03E}.Release|x86.Build.0 = Release|Any CPU
		{18C79DBC-13C6-4FB2-9505-2E98FD1B8249}.Debug|Any CPU.ActiveCfg = Debug|Any CPU
		{18C79DBC-13C6-4FB2-9505-2E98FD1B8249}.Debug|Any CPU.Build.0 = Debug|Any CPU
		{18C79DBC-13C6-4FB2-9505-2E98FD1B8249}.Debug|x86.ActiveCfg = Debug|Any CPU
		{18C79DBC-13C6-4FB2-9505-2E98FD1B8249}.Debug|x86.Build.0 = Debug|Any CPU
		{18C79DBC-13C6-4FB2-9505-2E98FD1B8249}.Release|Any CPU.ActiveCfg = Release|Any CPU
		{18C79DBC-13C6-4FB2-9505-2E98FD1B8249}.Release|Any CPU.Build.0 = Release|Any CPU
		{18C79DBC-13C6-4FB2-9505-2E98FD1B8249}.Release|x86.ActiveCfg = Release|Any CPU
		{18C79DBC-13C6-4FB2-9505-2E98FD1B8249}.Release|x86.Build.0 = Release|Any CPU
		{175CAA0D-AAED-416C-BD27-9347B894BC36}.Debug|Any CPU.ActiveCfg = Debug|Any CPU
		{175CAA0D-AAED-416C-BD27-9347B894BC36}.Debug|Any CPU.Build.0 = Debug|Any CPU
		{175CAA0D-AAED-416C-BD27-9347B894BC36}.Debug|x86.ActiveCfg = Debug|Any CPU
		{175CAA0D-AAED-416C-BD27-9347B894BC36}.Debug|x86.Build.0 = Debug|Any CPU
		{175CAA0D-AAED-416C-BD27-9347B894BC36}.Release|Any CPU.ActiveCfg = Release|Any CPU
		{175CAA0D-AAED-416C-BD27-9347B894BC36}.Release|Any CPU.Build.0 = Release|Any CPU
		{175CAA0D-AAED-416C-BD27-9347B894BC36}.Release|x86.ActiveCfg = Release|Any CPU
		{175CAA0D-AAED-416C-BD27-9347B894BC36}.Release|x86.Build.0 = Release|Any CPU
		{08D0395B-BCC3-4C9F-8A37-0143AD954075}.Debug|Any CPU.ActiveCfg = Debug|Any CPU
		{08D0395B-BCC3-4C9F-8A37-0143AD954075}.Debug|Any CPU.Build.0 = Debug|Any CPU
		{08D0395B-BCC3-4C9F-8A37-0143AD954075}.Debug|x86.ActiveCfg = Debug|Any CPU
		{08D0395B-BCC3-4C9F-8A37-0143AD954075}.Debug|x86.Build.0 = Debug|Any CPU
		{08D0395B-BCC3-4C9F-8A37-0143AD954075}.Release|Any CPU.ActiveCfg = Release|Any CPU
		{08D0395B-BCC3-4C9F-8A37-0143AD954075}.Release|Any CPU.Build.0 = Release|Any CPU
		{08D0395B-BCC3-4C9F-8A37-0143AD954075}.Release|x86.ActiveCfg = Release|Any CPU
		{08D0395B-BCC3-4C9F-8A37-0143AD954075}.Release|x86.Build.0 = Release|Any CPU
		{F171C6A2-F2D1-44C2-AC7E-BF7C6F5CF68B}.Debug|Any CPU.ActiveCfg = Debug|Any CPU
		{F171C6A2-F2D1-44C2-AC7E-BF7C6F5CF68B}.Debug|Any CPU.Build.0 = Debug|Any CPU
		{F171C6A2-F2D1-44C2-AC7E-BF7C6F5CF68B}.Debug|x86.ActiveCfg = Debug|Any CPU
		{F171C6A2-F2D1-44C2-AC7E-BF7C6F5CF68B}.Debug|x86.Build.0 = Debug|Any CPU
		{F171C6A2-F2D1-44C2-AC7E-BF7C6F5CF68B}.Release|Any CPU.ActiveCfg = Release|Any CPU
		{F171C6A2-F2D1-44C2-AC7E-BF7C6F5CF68B}.Release|Any CPU.Build.0 = Release|Any CPU
		{F171C6A2-F2D1-44C2-AC7E-BF7C6F5CF68B}.Release|x86.ActiveCfg = Release|Any CPU
		{F171C6A2-F2D1-44C2-AC7E-BF7C6F5CF68B}.Release|x86.Build.0 = Release|Any CPU
		{323A1975-5DC7-459E-A368-1E4EB815C180}.Debug|Any CPU.ActiveCfg = Debug|Any CPU
		{323A1975-5DC7-459E-A368-1E4EB815C180}.Debug|Any CPU.Build.0 = Debug|Any CPU
		{323A1975-5DC7-459E-A368-1E4EB815C180}.Debug|x86.ActiveCfg = Debug|Any CPU
		{323A1975-5DC7-459E-A368-1E4EB815C180}.Debug|x86.Build.0 = Debug|Any CPU
		{323A1975-5DC7-459E-A368-1E4EB815C180}.Release|Any CPU.ActiveCfg = Release|Any CPU
		{323A1975-5DC7-459E-A368-1E4EB815C180}.Release|Any CPU.Build.0 = Release|Any CPU
		{323A1975-5DC7-459E-A368-1E4EB815C180}.Release|x86.ActiveCfg = Release|Any CPU
		{323A1975-5DC7-459E-A368-1E4EB815C180}.Release|x86.Build.0 = Release|Any CPU
		{84E109AE-9786-4D6C-A119-D5D0CE989E09}.Debug|Any CPU.ActiveCfg = Debug|Any CPU
		{84E109AE-9786-4D6C-A119-D5D0CE989E09}.Debug|Any CPU.Build.0 = Debug|Any CPU
		{84E109AE-9786-4D6C-A119-D5D0CE989E09}.Debug|x86.ActiveCfg = Debug|Any CPU
		{84E109AE-9786-4D6C-A119-D5D0CE989E09}.Debug|x86.Build.0 = Debug|Any CPU
		{84E109AE-9786-4D6C-A119-D5D0CE989E09}.Release|Any CPU.ActiveCfg = Release|Any CPU
		{84E109AE-9786-4D6C-A119-D5D0CE989E09}.Release|Any CPU.Build.0 = Release|Any CPU
		{84E109AE-9786-4D6C-A119-D5D0CE989E09}.Release|x86.ActiveCfg = Release|Any CPU
		{84E109AE-9786-4D6C-A119-D5D0CE989E09}.Release|x86.Build.0 = Release|Any CPU
		{825741BD-8A37-4C55-89BE-A463FB8B9B82}.Debug|Any CPU.ActiveCfg = Debug|Any CPU
		{825741BD-8A37-4C55-89BE-A463FB8B9B82}.Debug|Any CPU.Build.0 = Debug|Any CPU
		{825741BD-8A37-4C55-89BE-A463FB8B9B82}.Debug|x86.ActiveCfg = Debug|Any CPU
		{825741BD-8A37-4C55-89BE-A463FB8B9B82}.Debug|x86.Build.0 = Debug|Any CPU
		{825741BD-8A37-4C55-89BE-A463FB8B9B82}.Release|Any CPU.ActiveCfg = Release|Any CPU
		{825741BD-8A37-4C55-89BE-A463FB8B9B82}.Release|Any CPU.Build.0 = Release|Any CPU
		{825741BD-8A37-4C55-89BE-A463FB8B9B82}.Release|x86.ActiveCfg = Release|Any CPU
		{825741BD-8A37-4C55-89BE-A463FB8B9B82}.Release|x86.Build.0 = Release|Any CPU
		{E83BA901-EC37-497C-BBFF-C397977C5A2F}.Debug|Any CPU.ActiveCfg = Debug|Any CPU
		{E83BA901-EC37-497C-BBFF-C397977C5A2F}.Debug|Any CPU.Build.0 = Debug|Any CPU
		{E83BA901-EC37-497C-BBFF-C397977C5A2F}.Debug|x86.ActiveCfg = Debug|Any CPU
		{E83BA901-EC37-497C-BBFF-C397977C5A2F}.Debug|x86.Build.0 = Debug|Any CPU
		{E83BA901-EC37-497C-BBFF-C397977C5A2F}.Release|Any CPU.ActiveCfg = Release|Any CPU
		{E83BA901-EC37-497C-BBFF-C397977C5A2F}.Release|Any CPU.Build.0 = Release|Any CPU
		{E83BA901-EC37-497C-BBFF-C397977C5A2F}.Release|x86.ActiveCfg = Release|Any CPU
		{E83BA901-EC37-497C-BBFF-C397977C5A2F}.Release|x86.Build.0 = Release|Any CPU
	EndGlobalSection
	GlobalSection(SolutionProperties) = preSolution
		HideSolutionNode = FALSE
	EndGlobalSection
	GlobalSection(NestedProjects) = preSolution
		{0F7ECBC3-3425-4D4B-90F9-2650D06DD3AF} = {251BEFF5-6819-42B5-B17E-E3B56D1C57F7}
		{2ADDCB13-2CA4-4FE6-8DB1-29A319CAC528} = {DDECDC2F-7528-42ED-AE45-80CBE024206F}
		{DDECDC2F-7528-42ED-AE45-80CBE024206F} = {251BEFF5-6819-42B5-B17E-E3B56D1C57F7}
		{983563EE-38F1-48ED-B9B7-6FF9299A1A4C} = {2ADDCB13-2CA4-4FE6-8DB1-29A319CAC528}
		{14F0DE8F-0387-4D88-A660-034AA50E41CF} = {2ADDCB13-2CA4-4FE6-8DB1-29A319CAC528}
		{02654223-E09D-48B8-9CE9-01F4EA3807E3} = {DDECDC2F-7528-42ED-AE45-80CBE024206F}
		{25B863A9-92D0-415A-8F1B-AD945B7CCF65} = {02654223-E09D-48B8-9CE9-01F4EA3807E3}
		{6220E0D5-E352-4695-9CEB-77EF66BAB708} = {02654223-E09D-48B8-9CE9-01F4EA3807E3}
		{8EA76589-D879-4205-B3FD-BE67F05CFE58} = {251BEFF5-6819-42B5-B17E-E3B56D1C57F7}
		{67AF240F-72E7-40B0-ADCA-E3E5D854E544} = {251BEFF5-6819-42B5-B17E-E3B56D1C57F7}
		{3D9DBE0F-32C7-46AA-9EBC-61F128459291} = {251BEFF5-6819-42B5-B17E-E3B56D1C57F7}
		{C09F6DCC-CAF4-495B-A61E-2AAFE03CCC7F} = {251BEFF5-6819-42B5-B17E-E3B56D1C57F7}
		{3017DFF6-94B0-45FD-990D-774D1668C32A} = {251BEFF5-6819-42B5-B17E-E3B56D1C57F7}
		{031B06DA-A763-48B3-966B-51D8F9D0136B} = {251BEFF5-6819-42B5-B17E-E3B56D1C57F7}
		{B0F17F01-CD35-4D64-9227-4C494590699D} = {251BEFF5-6819-42B5-B17E-E3B56D1C57F7}
		{11BAE289-739D-403D-9EA9-7B518AC34D8B} = {251BEFF5-6819-42B5-B17E-E3B56D1C57F7}
		{205672F6-F5AF-4DD8-A38D-97CE13BBBB0A} = {F2C61FE3-D013-4539-9849-E72CC07F11F1}
		{7F955A64-BC1F-4274-A211-B0B9460DC03E} = {F2C61FE3-D013-4539-9849-E72CC07F11F1}
		{5A3479F0-CB93-43E2-9B57-549E4B1F423B} = {DDECDC2F-7528-42ED-AE45-80CBE024206F}
		{18C79DBC-13C6-4FB2-9505-2E98FD1B8249} = {5A3479F0-CB93-43E2-9B57-549E4B1F423B}
		{175CAA0D-AAED-416C-BD27-9347B894BC36} = {5A3479F0-CB93-43E2-9B57-549E4B1F423B}
		{8F7E2612-DB89-4F2F-A87C-269630799C01} = {251BEFF5-6819-42B5-B17E-E3B56D1C57F7}
		{08D0395B-BCC3-4C9F-8A37-0143AD954075} = {8F7E2612-DB89-4F2F-A87C-269630799C01}
		{F171C6A2-F2D1-44C2-AC7E-BF7C6F5CF68B} = {8F7E2612-DB89-4F2F-A87C-269630799C01}
		{323A1975-5DC7-459E-A368-1E4EB815C180} = {8F7E2612-DB89-4F2F-A87C-269630799C01}
		{84E109AE-9786-4D6C-A119-D5D0CE989E09} = {8F7E2612-DB89-4F2F-A87C-269630799C01}
		{825741BD-8A37-4C55-89BE-A463FB8B9B82} = {F2C61FE3-D013-4539-9849-E72CC07F11F1}
		{E83BA901-EC37-497C-BBFF-C397977C5A2F} = {F2C61FE3-D013-4539-9849-E72CC07F11F1}
	EndGlobalSection
	GlobalSection(ExtensibilityGlobals) = postSolution
		SolutionGuid = {47ABAABA-2D46-42D7-BEB0-F54C7EDBEA9C}
	EndGlobalSection
EndGlobal
