
Microsoft Visual Studio Solution File, Format Version 12.00
# Visual Studio Version 16
VisualStudioVersion = 16.0.29509.3
MinimumVisualStudioVersion = 10.0.40219.1
Project("{FAE04EC0-301F-11D3-BF4B-00C04F79EFBC}") = "NSubstituteDoWhen", "NSubstituteDoWhen\NSubstituteDoWhen.csproj", "{07F82E58-075F-42B2-B7EB-78581B9F376A}"
EndProject
Global
	GlobalSection(SolutionConfigurationPlatforms) = preSolution
		Debug|Any CPU = Debug|Any CPU
		Release|Any CPU = Release|Any CPU
	EndGlobalSection
	GlobalSection(ProjectConfigurationPlatforms) = postSolution
		{07F82E58-075F-42B2-B7EB-78581B9F376A}.Debug|Any CPU.ActiveCfg = Debug|Any CPU
		{07F82E58-075F-42B2-B7EB-78581B9F376A}.Debug|Any CPU.Build.0 = Debug|Any CPU
		{07F82E58-075F-42B2-B7EB-78581B9F376A}.Release|Any CPU.ActiveCfg = Release|Any CPU
		{07F82E58-075F-42B2-B7EB-78581B9F376A}.Release|Any CPU.Build.0 = Release|Any CPU
	EndGlobalSection
	GlobalSection(SolutionProperties) = preSolution
		HideSolutionNode = FALSE
	EndGlobalSection
	GlobalSection(ExtensibilityGlobals) = postSolution
		SolutionGuid = {BCA38A22-19E3-4FC5-8110-2040B52DB52E}
	EndGlobalSection
EndGlobal
