
Microsoft Visual Studio Solution File, Format Version 11.00
# Visual Basic Express 2010
Project("{F184B08F-C81C-45F6-A57F-5ABD9991F28F}") = "SubroutinesAndFunctions", "SubroutinesAndFunctions\SubroutinesAndFunctions.vbproj", "{CE7CF6DF-1BAD-4CC1-B5CB-EF64AB50BC54}"
EndProject
Global
	GlobalSection(SolutionConfigurationPlatforms) = preSolution
		Debug|x86 = Debug|x86
		Release|x86 = Release|x86
	EndGlobalSection
	GlobalSection(ProjectConfigurationPlatforms) = postSolution
		{CE7CF6DF-1BAD-4CC1-B5CB-EF64AB50BC54}.Debug|x86.ActiveCfg = Debug|x86
		{CE7CF6DF-1BAD-4CC1-B5CB-EF64AB50BC54}.Debug|x86.Build.0 = Debug|x86
		{CE7CF6DF-1BAD-4CC1-B5CB-EF64AB50BC54}.Release|x86.ActiveCfg = Release|x86
		{CE7CF6DF-1BAD-4CC1-B5CB-EF64AB50BC54}.Release|x86.Build.0 = Release|x86
	EndGlobalSection
	GlobalSection(SolutionProperties) = preSolution
		HideSolutionNode = FALSE
	EndGlobalSection
EndGlobal
