// !$*UTF8*$!
{
	archiveVersion = 1;
	classes = {
	};
	objectVersion = 46;
	objects = {

/* Begin PBXAggregateTarget section */
		53D903081A1D2EC7C2E0B130 /* ZERO_CHECK */ = {
			isa = PBXAggregateTarget;
			buildConfigurationList = 9E11E32CE8DB4B6D8C897B94 /* Build configuration list for PBXAggregateTarget "ZERO_CHECK" */;
			buildPhases = (
				EF4F589C66036CDBD3B11425 /* Generate CMakeFiles/ZERO_CHECK */,
			);
			dependencies = (
			);
			name = ZERO_CHECK;
			productName = ZERO_CHECK;
		};
		FB0D06F7B283ED96B4E2531C /* ALL_BUILD */ = {
			isa = PBXAggregateTarget;
			buildConfigurationList = 42A2E66405CA44A690763D8E /* Build configuration list for PBXAggregateTarget "ALL_BUILD" */;
			buildPhases = (
				A8A728FD8C5441476AEB7A3D /* Generate CMakeFiles/ALL_BUILD */,
			);
			dependencies = (
				6155D3EF2C1B4B539B574EE9 /* PBXTargetDependency */,
				3F305CC3FF0D461BBECB8CD6 /* PBXTargetDependency */,
			);
			name = ALL_BUILD;
			productName = ALL_BUILD;
		};
/* End PBXAggregateTarget section */

/* Begin PBXBuildFile section */
		4F2D36AABCE642E08B217192 /* /Users/robert/code/CodingExperiments/C++/Strings/Strings/CMakeLists.txt */ = {isa = PBXBuildFile; fileRef = C80419293B474694BE19B4FA /* /Users/robert/code/CodingExperiments/C++/Strings/Strings/CMakeLists.txt */; };
		5928D0315B9E4FD58539F8F4 /* /Users/robert/code/CodingExperiments/C++/Strings/Strings/Strings.h */ = {isa = PBXBuildFile; fileRef = 6FCF95ACB1EF4E99BA050D26 /* /Users/robert/code/CodingExperiments/C++/Strings/Strings/Strings.h */; };
		6656D63626564D9A81FDE55B /* /Users/robert/code/CodingExperiments/C++/Strings/Strings/Strings.cpp */ = {isa = PBXBuildFile; fileRef = E802E4EC69754802AA7E57F7 /* /Users/robert/code/CodingExperiments/C++/Strings/Strings/Strings.cpp */; };
/* End PBXBuildFile section */

/* Begin PBXBuildStyle section */
		3394ACC304DF40E6B7979E88 /* Release */ = {
			isa = PBXBuildStyle;
			buildSettings = {
				COPY_PHASE_STRIP = NO;
			};
			name = Release;
		};
		485C06E2253543518BBA35BB /* Debug */ = {
			isa = PBXBuildStyle;
			buildSettings = {
				COPY_PHASE_STRIP = NO;
			};
			name = Debug;
		};
		690D9E2448954FFA8AA5BBF0 /* MinSizeRel */ = {
			isa = PBXBuildStyle;
			buildSettings = {
				COPY_PHASE_STRIP = NO;
			};
			name = MinSizeRel;
		};
		DEB1E91D4B3D4361BC311C3D /* RelWithDebInfo */ = {
			isa = PBXBuildStyle;
			buildSettings = {
				COPY_PHASE_STRIP = NO;
			};
			name = RelWithDebInfo;
		};
/* End PBXBuildStyle section */

/* Begin PBXContainerItemProxy section */
		08E2F1FD9BD7423EB428F3B7 /* PBXContainerItemProxy */ = {
			isa = PBXContainerItemProxy;
			containerPortal = 9DEDD20F66A04736871DF798 /* Project object */;
			proxyType = 1;
			remoteGlobalIDString = 53D903081A1D2EC7C2E0B130;
			remoteInfo = ZERO_CHECK;
		};
		4A49ADFE3F93459EB4A8B2C4 /* PBXContainerItemProxy */ = {
			isa = PBXContainerItemProxy;
			containerPortal = 9DEDD20F66A04736871DF798 /* Project object */;
			proxyType = 1;
			remoteGlobalIDString = 2EBEA26C6BDCA41794861519;
			remoteInfo = Strings;
		};
		E197044BCF5B48559B9D0754 /* PBXContainerItemProxy */ = {
			isa = PBXContainerItemProxy;
			containerPortal = 9DEDD20F66A04736871DF798 /* Project object */;
			proxyType = 1;
			remoteGlobalIDString = 53D903081A1D2EC7C2E0B130;
			remoteInfo = ZERO_CHECK;
		};
/* End PBXContainerItemProxy section */

/* Begin PBXFileReference section */
		6FCF95ACB1EF4E99BA050D26 /* /Users/robert/code/CodingExperiments/C++/Strings/Strings/Strings.h */ = {isa = PBXFileReference; explicitFileType = sourcecode.c.h; fileEncoding = 4; name = Strings.h; path = Strings/Strings.h; sourceTree = SOURCE_ROOT; };
		86AFBB58053A4C48BC581CBA /* Strings */ = {isa = PBXFileReference; explicitFileType = "compiled.mach-o.executable"; path = Strings; sourceTree = BUILT_PRODUCTS_DIR; };
		C80419293B474694BE19B4FA /* /Users/robert/code/CodingExperiments/C++/Strings/Strings/CMakeLists.txt */ = {isa = PBXFileReference; explicitFileType = sourcecode.text; fileEncoding = 4; name = CMakeLists.txt; path = Strings/CMakeLists.txt; sourceTree = SOURCE_ROOT; };
		D9FA99BF440F419A90E6CFBB /* /Users/robert/code/CodingExperiments/C++/Strings/CMakeLists.txt */ = {isa = PBXFileReference; explicitFileType = sourcecode.text; fileEncoding = 4; name = CMakeLists.txt; path = CMakeLists.txt; sourceTree = SOURCE_ROOT; };
		E802E4EC69754802AA7E57F7 /* /Users/robert/code/CodingExperiments/C++/Strings/Strings/Strings.cpp */ = {isa = PBXFileReference; explicitFileType = sourcecode.cpp.cpp; fileEncoding = 4; name = Strings.cpp; path = Strings/Strings.cpp; sourceTree = SOURCE_ROOT; };
/* End PBXFileReference section */

/* Begin PBXFrameworksBuildPhase section */
		290F844DA2D94ACDAB771C75 /* Frameworks */ = {
			isa = PBXFrameworksBuildPhase;
			buildActionMask = 2147483647;
			files = (
			);
			runOnlyForDeploymentPostprocessing = 0;
		};
/* End PBXFrameworksBuildPhase section */

/* Begin PBXGroup section */
		096A1ED5DC8D488CADEA1E6F /* ALL_BUILD */ = {
			isa = PBXGroup;
			children = (
				54790907F4C241448DD31FAB /* CMake Rules */,
				D9FA99BF440F419A90E6CFBB /* /Users/robert/code/CodingExperiments/C++/Strings/CMakeLists.txt */,
			);
			name = ALL_BUILD;
			sourceTree = "<group>";
		};
		2FC646750A474AA9B162A46F /* Resources */ = {
			isa = PBXGroup;
			children = (
			);
			name = Resources;
			sourceTree = "<group>";
		};
		54790907F4C241448DD31FAB /* CMake Rules */ = {
			isa = PBXGroup;
			children = (
			);
			name = "CMake Rules";
			sourceTree = "<group>";
		};
		665C763D008E4ECB80C6DA96 /* Header Files */ = {
			isa = PBXGroup;
			children = (
				6FCF95ACB1EF4E99BA050D26 /* /Users/robert/code/CodingExperiments/C++/Strings/Strings/Strings.h */,
			);
			name = "Header Files";
			sourceTree = "<group>";
		};
		9D30D1D7EE6344DABB7EC270 /* Products */ = {
			isa = PBXGroup;
			children = (
				86AFBB58053A4C48BC581CBA /* Strings */,
			);
			name = Products;
			sourceTree = "<group>";
		};
		B5893A1C26BD41A183A456BD /* Source Files */ = {
			isa = PBXGroup;
			children = (
				E802E4EC69754802AA7E57F7 /* /Users/robert/code/CodingExperiments/C++/Strings/Strings/Strings.cpp */,
			);
			name = "Source Files";
			sourceTree = "<group>";
		};
		C2C4F29F9CC14D0AB54FF78B /* Frameworks */ = {
			isa = PBXGroup;
			children = (
			);
			name = Frameworks;
			sourceTree = "<group>";
		};
		C456715010BB42E7B696A41E /* Strings */ = {
			isa = PBXGroup;
			children = (
				B5893A1C26BD41A183A456BD /* Source Files */,
				665C763D008E4ECB80C6DA96 /* Header Files */,
				C80419293B474694BE19B4FA /* /Users/robert/code/CodingExperiments/C++/Strings/Strings/CMakeLists.txt */,
			);
			name = Strings;
			sourceTree = "<group>";
		};
		DA1153A7E2534F6B8471372B = {
			isa = PBXGroup;
			children = (
				096A1ED5DC8D488CADEA1E6F /* ALL_BUILD */,
				C456715010BB42E7B696A41E /* Strings */,
				9D30D1D7EE6344DABB7EC270 /* Products */,
				C2C4F29F9CC14D0AB54FF78B /* Frameworks */,
				2FC646750A474AA9B162A46F /* Resources */,
			);
			sourceTree = "<group>";
		};
/* End PBXGroup section */

/* Begin PBXNativeTarget section */
		2EBEA26C6BDCA41794861519 /* Strings */ = {
			isa = PBXNativeTarget;
			buildConfigurationList = A99EB173CB734A2780C10B8A /* Build configuration list for PBXNativeTarget "Strings" */;
			buildPhases = (
				50999CE9D27F4E759AE579D1 /* Sources */,
				290F844DA2D94ACDAB771C75 /* Frameworks */,
			);
			buildRules = (
			);
			dependencies = (
				BFA91F624F5F4E3E8EC2950D /* PBXTargetDependency */,
			);
			name = Strings;
			productName = Strings;
			productReference = 86AFBB58053A4C48BC581CBA /* Strings */;
			productType = "com.apple.product-type.tool";
		};
/* End PBXNativeTarget section */

/* Begin PBXProject section */
		9DEDD20F66A04736871DF798 /* Project object */ = {
			isa = PBXProject;
			attributes = {
				BuildIndependentTargetsInParallel = YES;
				LastUpgradeCheck = 2600;
			};
			buildConfigurationList = E1F0402C271E47F8984F43A0 /* Build configuration list for PBXProject "Strings" */;
			buildSettings = {
			};
			buildStyles = (
				485C06E2253543518BBA35BB /* Debug */,
				3394ACC304DF40E6B7979E88 /* Release */,
				690D9E2448954FFA8AA5BBF0 /* MinSizeRel */,
				DEB1E91D4B3D4361BC311C3D /* RelWithDebInfo */,
			);
			compatibilityVersion = "Xcode 3.2";
			hasScannedForEncodings = 0;
			mainGroup = DA1153A7E2534F6B8471372B;
			projectDirPath = .;
			projectRoot = "";
			targets = (
				FB0D06F7B283ED96B4E2531C /* ALL_BUILD */,
				2EBEA26C6BDCA41794861519 /* Strings */,
				53D903081A1D2EC7C2E0B130 /* ZERO_CHECK */,
			);
		};
/* End PBXProject section */

/* Begin PBXShellScriptBuildPhase section */
		3C0110FC8322DE7E50886E21 = {
			isa = PBXShellScriptBuildPhase;
			buildActionMask = 2147483647;
			files = (
			);
			inputPaths = (
			);
			outputPaths = (
			);
			runOnlyForDeploymentPostprocessing = 0;
			shellPath = /bin/sh;
			shellScript = "# shell script goes here
exit 0";
			showEnvVarsInLog = 0;
		};
		9B50530E35CC49C82C2FACCF = {
			isa = PBXShellScriptBuildPhase;
			buildActionMask = 2147483647;
			files = (
			);
			inputPaths = (
			);
			outputPaths = (
			);
			runOnlyForDeploymentPostprocessing = 0;
			shellPath = /bin/sh;
			shellScript = "# shell script goes here
exit 0";
			showEnvVarsInLog = 0;
		};
		A8A728FD8C5441476AEB7A3D /* Generate CMakeFiles/ALL_BUILD */ = {
			isa = PBXShellScriptBuildPhase;
			alwaysOutOfDate = 1;
			buildActionMask = 2147483647;
			files = (
			);
			inputPaths = (
			);
			name = "Generate CMakeFiles/ALL_BUILD";
			outputPaths = (
"/Users/robert/code/CodingExperiments/C++/Strings/CMakeFiles/ALL_BUILD"			);
			runOnlyForDeploymentPostprocessing = 0;
			shellPath = /bin/sh;
			shellScript = "set -e
if test \"$CONFIGURATION\" = \"Debug\"; then :
  cd /Users/robert/code/CodingExperiments/C++/Strings
  echo Build\\ all\\ projects
fi
if test \"$CONFIGURATION\" = \"Release\"; then :
  cd /Users/robert/code/CodingExperiments/C++/Strings
  echo Build\\ all\\ projects
fi
if test \"$CONFIGURATION\" = \"MinSizeRel\"; then :
  cd /Users/robert/code/CodingExperiments/C++/Strings
  echo Build\\ all\\ projects
fi
if test \"$CONFIGURATION\" = \"RelWithDebInfo\"; then :
  cd /Users/robert/code/CodingExperiments/C++/Strings
  echo Build\\ all\\ projects
fi
";
			showEnvVarsInLog = 0;
		};
		EF4F589C66036CDBD3B11425 /* Generate CMakeFiles/ZERO_CHECK */ = {
			isa = PBXShellScriptBuildPhase;
			alwaysOutOfDate = 1;
			buildActionMask = 2147483647;
			files = (
			);
			inputPaths = (
			);
			name = "Generate CMakeFiles/ZERO_CHECK";
			outputPaths = (
"/Users/robert/code/CodingExperiments/C++/Strings/CMakeFiles/ZERO_CHECK"			);
			runOnlyForDeploymentPostprocessing = 0;
			shellPath = /bin/sh;
			shellScript = "set -e
if test \"$CONFIGURATION\" = \"Debug\"; then :
  cd /Users/robert/code/CodingExperiments/C++/Strings
  make -f /Users/robert/code/CodingExperiments/C++/Strings/CMakeScripts/ReRunCMake.make
fi
if test \"$CONFIGURATION\" = \"Release\"; then :
  cd /Users/robert/code/CodingExperiments/C++/Strings
  make -f /Users/robert/code/CodingExperiments/C++/Strings/CMakeScripts/ReRunCMake.make
fi
if test \"$CONFIGURATION\" = \"MinSizeRel\"; then :
  cd /Users/robert/code/CodingExperiments/C++/Strings
  make -f /Users/robert/code/CodingExperiments/C++/Strings/CMakeScripts/ReRunCMake.make
fi
if test \"$CONFIGURATION\" = \"RelWithDebInfo\"; then :
  cd /Users/robert/code/CodingExperiments/C++/Strings
  make -f /Users/robert/code/CodingExperiments/C++/Strings/CMakeScripts/ReRunCMake.make
fi
";
			showEnvVarsInLog = 0;
		};
/* End PBXShellScriptBuildPhase section */

/* Begin PBXSourcesBuildPhase section */
		50999CE9D27F4E759AE579D1 /* Sources */ = {
			isa = PBXSourcesBuildPhase;
			buildActionMask = 2147483647;
			files = (
				6656D63626564D9A81FDE55B /* /Users/robert/code/CodingExperiments/C++/Strings/Strings/Strings.cpp */,
			);
			runOnlyForDeploymentPostprocessing = 0;
		};
/* End PBXSourcesBuildPhase section */

/* Begin PBXTargetDependency section */
		3F305CC3FF0D461BBECB8CD6 /* PBXTargetDependency */ = {
			isa = PBXTargetDependency;
			target = 53D903081A1D2EC7C2E0B130 /* ZERO_CHECK */;
			targetProxy = 08E2F1FD9BD7423EB428F3B7 /* PBXContainerItemProxy */;
		};
		6155D3EF2C1B4B539B574EE9 /* PBXTargetDependency */ = {
			isa = PBXTargetDependency;
			target = 2EBEA26C6BDCA41794861519 /* Strings */;
			targetProxy = 4A49ADFE3F93459EB4A8B2C4 /* PBXContainerItemProxy */;
		};
		BFA91F624F5F4E3E8EC2950D /* PBXTargetDependency */ = {
			isa = PBXTargetDependency;
			target = 53D903081A1D2EC7C2E0B130 /* ZERO_CHECK */;
			targetProxy = E197044BCF5B48559B9D0754 /* PBXContainerItemProxy */;
		};
/* End PBXTargetDependency section */

/* Begin XCBuildConfiguration section */
		031690FAC13443DDA0D672E4 /* RelWithDebInfo */ = {
			isa = XCBuildConfiguration;
			buildSettings = {
				ALWAYS_SEARCH_USER_PATHS = NO;
				ARCHS = arm64;
				COMBINE_HIDPI_IMAGES = YES;
				CONFIGURATION_BUILD_DIR = "/Users/robert/code/CodingExperiments/C++/Strings/Strings/RelWithDebInfo";
				EXECUTABLE_PREFIX = "";
				EXECUTABLE_SUFFIX = "";
				GCC_GENERATE_DEBUGGING_SYMBOLS = YES;
				GCC_INLINES_ARE_PRIVATE_EXTERN = NO;
				GCC_OPTIMIZATION_LEVEL = 2;
				GCC_PREPROCESSOR_DEFINITIONS = ("'CMAKE_INTDIR=\"$(CONFIGURATION)$(EFFECTIVE_PLATFORM_NAME)\"'","$(inherited)");
				GCC_SYMBOLS_PRIVATE_EXTERN = NO;
				INSTALL_PATH = "";
				ONLY_ACTIVE_ARCH = NO;
				OTHER_CPLUSPLUSFLAGS = "       -DNDEBUG ";
				OTHER_LDFLAGS = (" -Wl,-search_paths_first -Wl,-headerpad_max_install_names","$(inherited)");
				OTHER_REZFLAGS = "";
				PRODUCT_NAME = Strings;
				SECTORDER_FLAGS = "";
				TARGET_TEMP_DIR = "/Users/robert/code/CodingExperiments/C++/Strings/build/Strings.build/$(CONFIGURATION)$(EFFECTIVE_PLATFORM_NAME)";
				USE_HEADERMAP = NO;
				WARNING_CFLAGS = ("$(inherited)");
			};
			name = RelWithDebInfo;
		};
		07BC05275F534E72A5071CBD /* Debug */ = {
			isa = XCBuildConfiguration;
			buildSettings = {
				ALWAYS_SEARCH_USER_PATHS = NO;
				ARCHS = arm64;
				COMBINE_HIDPI_IMAGES = YES;
				GCC_GENERATE_DEBUGGING_SYMBOLS = YES;
				GCC_INLINES_ARE_PRIVATE_EXTERN = NO;
				GCC_OPTIMIZATION_LEVEL = 0;
				GCC_PREPROCESSOR_DEFINITIONS = ("'CMAKE_INTDIR=\"$(CONFIGURATION)$(EFFECTIVE_PLATFORM_NAME)\"'","$(inherited)");
				GCC_SYMBOLS_PRIVATE_EXTERN = NO;
				INSTALL_PATH = "";
				ONLY_ACTIVE_ARCH = NO;
				OTHER_LDFLAGS = ("","$(inherited)");
				OTHER_REZFLAGS = "";
				PRODUCT_NAME = ALL_BUILD;
				SECTORDER_FLAGS = "";
				USE_HEADERMAP = NO;
				WARNING_CFLAGS = ("$(inherited)");
			};
			name = Debug;
		};
		0DCCD974A7394044BFC0E58E /* RelWithDebInfo */ = {
			isa = XCBuildConfiguration;
			buildSettings = {
				ALWAYS_SEARCH_USER_PATHS = NO;
				ARCHS = arm64;
				COMBINE_HIDPI_IMAGES = YES;
				GCC_GENERATE_DEBUGGING_SYMBOLS = YES;
				GCC_INLINES_ARE_PRIVATE_EXTERN = NO;
				GCC_OPTIMIZATION_LEVEL = 0;
				GCC_PREPROCESSOR_DEFINITIONS = ("'CMAKE_INTDIR=\"$(CONFIGURATION)$(EFFECTIVE_PLATFORM_NAME)\"'","$(inherited)");
				GCC_SYMBOLS_PRIVATE_EXTERN = NO;
				INSTALL_PATH = "";
				ONLY_ACTIVE_ARCH = NO;
				OTHER_LDFLAGS = ("","$(inherited)");
				OTHER_REZFLAGS = "";
				PRODUCT_NAME = ALL_BUILD;
				SECTORDER_FLAGS = "";
				USE_HEADERMAP = NO;
				WARNING_CFLAGS = ("$(inherited)");
			};
			name = RelWithDebInfo;
		};
		17470B322A4D4A91B4C32CCD /* Release */ = {
			isa = XCBuildConfiguration;
			buildSettings = {
				ALWAYS_SEARCH_USER_PATHS = NO;
				ARCHS = arm64;
				COMBINE_HIDPI_IMAGES = YES;
				GCC_GENERATE_DEBUGGING_SYMBOLS = YES;
				GCC_INLINES_ARE_PRIVATE_EXTERN = NO;
				GCC_OPTIMIZATION_LEVEL = 0;
				GCC_PREPROCESSOR_DEFINITIONS = ("'CMAKE_INTDIR=\"$(CONFIGURATION)$(EFFECTIVE_PLATFORM_NAME)\"'","$(inherited)");
				GCC_SYMBOLS_PRIVATE_EXTERN = NO;
				INSTALL_PATH = "";
				ONLY_ACTIVE_ARCH = NO;
				OTHER_LDFLAGS = ("","$(inherited)");
				OTHER_REZFLAGS = "";
				PRODUCT_NAME = ZERO_CHECK;
				SECTORDER_FLAGS = "";
				USE_HEADERMAP = NO;
				WARNING_CFLAGS = ("$(inherited)");
			};
			name = Release;
		};
		29C0A29DCB2F46529A4D252E /* MinSizeRel */ = {
			isa = XCBuildConfiguration;
			buildSettings = {
				ARCHS = arm64;
				SDKROOT = "";
				SWIFT_COMPILATION_MODE = wholemodule;
				SYMROOT = "/Users/robert/code/CodingExperiments/C++/Strings/build";
			};
			name = MinSizeRel;
		};
		2C33990D7D14422DA521F849 /* Debug */ = {
			isa = XCBuildConfiguration;
			buildSettings = {
				ALWAYS_SEARCH_USER_PATHS = NO;
				ARCHS = arm64;
				COMBINE_HIDPI_IMAGES = YES;
				CONFIGURATION_BUILD_DIR = "/Users/robert/code/CodingExperiments/C++/Strings/Strings/Debug";
				EXECUTABLE_PREFIX = "";
				EXECUTABLE_SUFFIX = "";
				GCC_GENERATE_DEBUGGING_SYMBOLS = YES;
				GCC_INLINES_ARE_PRIVATE_EXTERN = NO;
				GCC_OPTIMIZATION_LEVEL = 0;
				GCC_PREPROCESSOR_DEFINITIONS = ("'CMAKE_INTDIR=\"$(CONFIGURATION)$(EFFECTIVE_PLATFORM_NAME)\"'","$(inherited)");
				GCC_SYMBOLS_PRIVATE_EXTERN = NO;
				INSTALL_PATH = "";
				ONLY_ACTIVE_ARCH = NO;
				OTHER_CPLUSPLUSFLAGS = "   ";
				OTHER_LDFLAGS = (" -Wl,-search_paths_first -Wl,-headerpad_max_install_names","$(inherited)");
				OTHER_REZFLAGS = "";
				PRODUCT_NAME = Strings;
				SECTORDER_FLAGS = "";
				TARGET_TEMP_DIR = "/Users/robert/code/CodingExperiments/C++/Strings/build/Strings.build/$(CONFIGURATION)$(EFFECTIVE_PLATFORM_NAME)";
				USE_HEADERMAP = NO;
				WARNING_CFLAGS = ("$(inherited)");
			};
			name = Debug;
		};
		35EE05C6C90F474788939B83 /* Debug */ = {
			isa = XCBuildConfiguration;
			buildSettings = {
				ARCHS = arm64;
				SDKROOT = "";
				SYMROOT = "/Users/robert/code/CodingExperiments/C++/Strings/build";
			};
			name = Debug;
		};
		377864887F3949A6A13AE1E1 /* Release */ = {
			isa = XCBuildConfiguration;
			buildSettings = {
				ARCHS = arm64;
				SDKROOT = "";
				SWIFT_COMPILATION_MODE = wholemodule;
				SYMROOT = "/Users/robert/code/CodingExperiments/C++/Strings/build";
			};
			name = Release;
		};
		510881C975E843D892A6CCF6 /* MinSizeRel */ = {
			isa = XCBuildConfiguration;
			buildSettings = {
				ALWAYS_SEARCH_USER_PATHS = NO;
				ARCHS = arm64;
				COMBINE_HIDPI_IMAGES = YES;
				CONFIGURATION_BUILD_DIR = "/Users/robert/code/CodingExperiments/C++/Strings/Strings/MinSizeRel";
				EXECUTABLE_PREFIX = "";
				EXECUTABLE_SUFFIX = "";
				GCC_GENERATE_DEBUGGING_SYMBOLS = NO;
				GCC_INLINES_ARE_PRIVATE_EXTERN = NO;
				GCC_OPTIMIZATION_LEVEL = s;
				GCC_PREPROCESSOR_DEFINITIONS = ("'CMAKE_INTDIR=\"$(CONFIGURATION)$(EFFECTIVE_PLATFORM_NAME)\"'","$(inherited)");
				GCC_SYMBOLS_PRIVATE_EXTERN = NO;
				INSTALL_PATH = "";
				ONLY_ACTIVE_ARCH = NO;
				OTHER_CPLUSPLUSFLAGS = "    -DNDEBUG ";
				OTHER_LDFLAGS = (" -Wl,-search_paths_first -Wl,-headerpad_max_install_names","$(inherited)");
				OTHER_REZFLAGS = "";
				PRODUCT_NAME = Strings;
				SECTORDER_FLAGS = "";
				TARGET_TEMP_DIR = "/Users/robert/code/CodingExperiments/C++/Strings/build/Strings.build/$(CONFIGURATION)$(EFFECTIVE_PLATFORM_NAME)";
				USE_HEADERMAP = NO;
				WARNING_CFLAGS = ("$(inherited)");
			};
			name = MinSizeRel;
		};
		5FA5F2570D9A4D20A4FE14F6 /* MinSizeRel */ = {
			isa = XCBuildConfiguration;
			buildSettings = {
				ALWAYS_SEARCH_USER_PATHS = NO;
				ARCHS = arm64;
				COMBINE_HIDPI_IMAGES = YES;
				GCC_GENERATE_DEBUGGING_SYMBOLS = YES;
				GCC_INLINES_ARE_PRIVATE_EXTERN = NO;
				GCC_OPTIMIZATION_LEVEL = 0;
				GCC_PREPROCESSOR_DEFINITIONS = ("'CMAKE_INTDIR=\"$(CONFIGURATION)$(EFFECTIVE_PLATFORM_NAME)\"'","$(inherited)");
				GCC_SYMBOLS_PRIVATE_EXTERN = NO;
				INSTALL_PATH = "";
				ONLY_ACTIVE_ARCH = NO;
				OTHER_LDFLAGS = ("","$(inherited)");
				OTHER_REZFLAGS = "";
				PRODUCT_NAME = ZERO_CHECK;
				SECTORDER_FLAGS = "";
				USE_HEADERMAP = NO;
				WARNING_CFLAGS = ("$(inherited)");
			};
			name = MinSizeRel;
		};
		6A6C23B329CD46ADBF6A8DD3 /* MinSizeRel */ = {
			isa = XCBuildConfiguration;
			buildSettings = {
				ALWAYS_SEARCH_USER_PATHS = NO;
				ARCHS = arm64;
				COMBINE_HIDPI_IMAGES = YES;
				GCC_GENERATE_DEBUGGING_SYMBOLS = YES;
				GCC_INLINES_ARE_PRIVATE_EXTERN = NO;
				GCC_OPTIMIZATION_LEVEL = 0;
				GCC_PREPROCESSOR_DEFINITIONS = ("'CMAKE_INTDIR=\"$(CONFIGURATION)$(EFFECTIVE_PLATFORM_NAME)\"'","$(inherited)");
				GCC_SYMBOLS_PRIVATE_EXTERN = NO;
				INSTALL_PATH = "";
				ONLY_ACTIVE_ARCH = NO;
				OTHER_LDFLAGS = ("","$(inherited)");
				OTHER_REZFLAGS = "";
				PRODUCT_NAME = ALL_BUILD;
				SECTORDER_FLAGS = "";
				USE_HEADERMAP = NO;
				WARNING_CFLAGS = ("$(inherited)");
			};
			name = MinSizeRel;
		};
		A8E368387F26487D8D274AD8 /* Release */ = {
			isa = XCBuildConfiguration;
			buildSettings = {
				ALWAYS_SEARCH_USER_PATHS = NO;
				ARCHS = arm64;
				COMBINE_HIDPI_IMAGES = YES;
				GCC_GENERATE_DEBUGGING_SYMBOLS = YES;
				GCC_INLINES_ARE_PRIVATE_EXTERN = NO;
				GCC_OPTIMIZATION_LEVEL = 0;
				GCC_PREPROCESSOR_DEFINITIONS = ("'CMAKE_INTDIR=\"$(CONFIGURATION)$(EFFECTIVE_PLATFORM_NAME)\"'","$(inherited)");
				GCC_SYMBOLS_PRIVATE_EXTERN = NO;
				INSTALL_PATH = "";
				ONLY_ACTIVE_ARCH = NO;
				OTHER_LDFLAGS = ("","$(inherited)");
				OTHER_REZFLAGS = "";
				PRODUCT_NAME = ALL_BUILD;
				SECTORDER_FLAGS = "";
				USE_HEADERMAP = NO;
				WARNING_CFLAGS = ("$(inherited)");
			};
			name = Release;
		};
		C461AE80BB684611B0349755 /* Release */ = {
			isa = XCBuildConfiguration;
			buildSettings = {
				ALWAYS_SEARCH_USER_PATHS = NO;
				ARCHS = arm64;
				COMBINE_HIDPI_IMAGES = YES;
				CONFIGURATION_BUILD_DIR = "/Users/robert/code/CodingExperiments/C++/Strings/Strings/Release";
				EXECUTABLE_PREFIX = "";
				EXECUTABLE_SUFFIX = "";
				GCC_GENERATE_DEBUGGING_SYMBOLS = NO;
				GCC_INLINES_ARE_PRIVATE_EXTERN = NO;
				GCC_OPTIMIZATION_LEVEL = 3;
				GCC_PREPROCESSOR_DEFINITIONS = ("'CMAKE_INTDIR=\"$(CONFIGURATION)$(EFFECTIVE_PLATFORM_NAME)\"'","$(inherited)");
				GCC_SYMBOLS_PRIVATE_EXTERN = NO;
				INSTALL_PATH = "";
				ONLY_ACTIVE_ARCH = NO;
				OTHER_CPLUSPLUSFLAGS = "    -DNDEBUG ";
				OTHER_LDFLAGS = (" -Wl,-search_paths_first -Wl,-headerpad_max_install_names","$(inherited)");
				OTHER_REZFLAGS = "";
				PRODUCT_NAME = Strings;
				SECTORDER_FLAGS = "";
				TARGET_TEMP_DIR = "/Users/robert/code/CodingExperiments/C++/Strings/build/Strings.build/$(CONFIGURATION)$(EFFECTIVE_PLATFORM_NAME)";
				USE_HEADERMAP = NO;
				WARNING_CFLAGS = ("$(inherited)");
			};
			name = Release;
		};
		D7A1049EAA3247EBBB3C6900 /* Debug */ = {
			isa = XCBuildConfiguration;
			buildSettings = {
				ALWAYS_SEARCH_USER_PATHS = NO;
				ARCHS = arm64;
				COMBINE_HIDPI_IMAGES = YES;
				GCC_GENERATE_DEBUGGING_SYMBOLS = YES;
				GCC_INLINES_ARE_PRIVATE_EXTERN = NO;
				GCC_OPTIMIZATION_LEVEL = 0;
				GCC_PREPROCESSOR_DEFINITIONS = ("'CMAKE_INTDIR=\"$(CONFIGURATION)$(EFFECTIVE_PLATFORM_NAME)\"'","$(inherited)");
				GCC_SYMBOLS_PRIVATE_EXTERN = NO;
				INSTALL_PATH = "";
				ONLY_ACTIVE_ARCH = NO;
				OTHER_LDFLAGS = ("","$(inherited)");
				OTHER_REZFLAGS = "";
				PRODUCT_NAME = ZERO_CHECK;
				SECTORDER_FLAGS = "";
				USE_HEADERMAP = NO;
				WARNING_CFLAGS = ("$(inherited)");
			};
			name = Debug;
		};
		E388B5B24BC44DBD98CCECD6 /* RelWithDebInfo */ = {
			isa = XCBuildConfiguration;
			buildSettings = {
				ALWAYS_SEARCH_USER_PATHS = NO;
				ARCHS = arm64;
				COMBINE_HIDPI_IMAGES = YES;
				GCC_GENERATE_DEBUGGING_SYMBOLS = YES;
				GCC_INLINES_ARE_PRIVATE_EXTERN = NO;
				GCC_OPTIMIZATION_LEVEL = 0;
				GCC_PREPROCESSOR_DEFINITIONS = ("'CMAKE_INTDIR=\"$(CONFIGURATION)$(EFFECTIVE_PLATFORM_NAME)\"'","$(inherited)");
				GCC_SYMBOLS_PRIVATE_EXTERN = NO;
				INSTALL_PATH = "";
				ONLY_ACTIVE_ARCH = NO;
				OTHER_LDFLAGS = ("","$(inherited)");
				OTHER_REZFLAGS = "";
				PRODUCT_NAME = ZERO_CHECK;
				SECTORDER_FLAGS = "";
				USE_HEADERMAP = NO;
				WARNING_CFLAGS = ("$(inherited)");
			};
			name = RelWithDebInfo;
		};
		E81D65F8B57E407EAD72E8B5 /* RelWithDebInfo */ = {
			isa = XCBuildConfiguration;
			buildSettings = {
				ARCHS = arm64;
				SDKROOT = "";
				SWIFT_COMPILATION_MODE = wholemodule;
				SYMROOT = "/Users/robert/code/CodingExperiments/C++/Strings/build";
			};
			name = RelWithDebInfo;
		};
/* End XCBuildConfiguration section */

/* Begin XCConfigurationList section */
		42A2E66405CA44A690763D8E /* Build configuration list for PBXAggregateTarget "ALL_BUILD" */ = {
			isa = XCConfigurationList;
			buildConfigurations = (
				07BC05275F534E72A5071CBD /* Debug */,
				A8E368387F26487D8D274AD8 /* Release */,
				6A6C23B329CD46ADBF6A8DD3 /* MinSizeRel */,
				0DCCD974A7394044BFC0E58E /* RelWithDebInfo */,
			);
			defaultConfigurationIsVisible = 0;
			defaultConfigurationName = Debug;
		};
		9E11E32CE8DB4B6D8C897B94 /* Build configuration list for PBXAggregateTarget "ZERO_CHECK" */ = {
			isa = XCConfigurationList;
			buildConfigurations = (
				D7A1049EAA3247EBBB3C6900 /* Debug */,
				17470B322A4D4A91B4C32CCD /* Release */,
				5FA5F2570D9A4D20A4FE14F6 /* MinSizeRel */,
				E388B5B24BC44DBD98CCECD6 /* RelWithDebInfo */,
			);
			defaultConfigurationIsVisible = 0;
			defaultConfigurationName = Debug;
		};
		A99EB173CB734A2780C10B8A /* Build configuration list for PBXNativeTarget "Strings" */ = {
			isa = XCConfigurationList;
			buildConfigurations = (
				2C33990D7D14422DA521F849 /* Debug */,
				C461AE80BB684611B0349755 /* Release */,
				510881C975E843D892A6CCF6 /* MinSizeRel */,
				031690FAC13443DDA0D672E4 /* RelWithDebInfo */,
			);
			defaultConfigurationIsVisible = 0;
			defaultConfigurationName = Debug;
		};
		E1F0402C271E47F8984F43A0 /* Build configuration list for PBXProject "Strings" */ = {
			isa = XCConfigurationList;
			buildConfigurations = (
				35EE05C6C90F474788939B83 /* Debug */,
				377864887F3949A6A13AE1E1 /* Release */,
				29C0A29DCB2F46529A4D252E /* MinSizeRel */,
				E81D65F8B57E407EAD72E8B5 /* RelWithDebInfo */,
			);
			defaultConfigurationIsVisible = 0;
			defaultConfigurationName = Debug;
		};
/* End XCConfigurationList section */
	};
	rootObject = 9DEDD20F66A04736871DF798 /* Project object */;
}
