// !$*UTF8*$!
{
	archiveVersion = 1;
	classes = {
	};
	objectVersion = 46;
	objects = {

/* Begin PBXAggregateTarget section */
		53D903081A1D2EC7C2E0B130 /* ZERO_CHECK */ = {
			isa = PBXAggregateTarget;
			buildConfigurationList = 6C32247687154BC1AA5EBE88 /* Build configuration list for PBXAggregateTarget "ZERO_CHECK" */;
			buildPhases = (
				EF4F589C66036CDBD3B11425 /* Generate CMakeFiles/ZERO_CHECK */,
			);
			dependencies = (
			);
			name = ZERO_CHECK;
			productName = ZERO_CHECK;
		};
		FB0D06F7B283ED96B4E2531C /* ALL_BUILD */ = {
			isa = PBXAggregateTarget;
			buildConfigurationList = 6909C0F1A2BD41A98DEBDA5C /* Build configuration list for PBXAggregateTarget "ALL_BUILD" */;
			buildPhases = (
				A8A728FD8C5441476AEB7A3D /* Generate CMakeFiles/ALL_BUILD */,
			);
			dependencies = (
				336F6EDC1E9942E79AB17AB8 /* PBXTargetDependency */,
				3C376B7AA3464D7A82025C32 /* PBXTargetDependency */,
			);
			name = ALL_BUILD;
			productName = ALL_BUILD;
		};
/* End PBXAggregateTarget section */

/* Begin PBXBuildFile section */
		37251B5856804A3D94E483E5 /* /Users/robert/code/CodingExperiments/C++/Strings/Strings/Strings.cpp */ = {isa = PBXBuildFile; fileRef = 86870DA0D95F431FAFF5C2DE /* /Users/robert/code/CodingExperiments/C++/Strings/Strings/Strings.cpp */; };
		6891D1A469184DD8AD9FF7C4 /* /Users/robert/code/CodingExperiments/C++/Strings/Strings/Strings.h */ = {isa = PBXBuildFile; fileRef = C9B58C9835744A728F945829 /* /Users/robert/code/CodingExperiments/C++/Strings/Strings/Strings.h */; };
		A038EF13BC7C4F46ADDFCB53 /* /Users/robert/code/CodingExperiments/C++/Strings/Strings/CMakeLists.txt */ = {isa = PBXBuildFile; fileRef = F986F960E5214506BC4AD638 /* /Users/robert/code/CodingExperiments/C++/Strings/Strings/CMakeLists.txt */; };
/* End PBXBuildFile section */

/* Begin PBXBuildStyle section */
		3954571334F74E688B9D50FF /* RelWithDebInfo */ = {
			isa = PBXBuildStyle;
			buildSettings = {
				COPY_PHASE_STRIP = NO;
			};
			name = RelWithDebInfo;
		};
		977C05E0FAD845C09B703534 /* MinSizeRel */ = {
			isa = PBXBuildStyle;
			buildSettings = {
				COPY_PHASE_STRIP = NO;
			};
			name = MinSizeRel;
		};
		B531F6D72D9B4AA898EFEA03 /* Release */ = {
			isa = PBXBuildStyle;
			buildSettings = {
				COPY_PHASE_STRIP = NO;
			};
			name = Release;
		};
		CA127AD1C48D411082234769 /* Debug */ = {
			isa = PBXBuildStyle;
			buildSettings = {
				COPY_PHASE_STRIP = NO;
			};
			name = Debug;
		};
/* End PBXBuildStyle section */

/* Begin PBXContainerItemProxy section */
		1F9ED28EFB844071BBF74091 /* PBXContainerItemProxy */ = {
			isa = PBXContainerItemProxy;
			containerPortal = 557B62B9020044079457A449 /* Project object */;
			proxyType = 1;
			remoteGlobalIDString = 53D903081A1D2EC7C2E0B130;
			remoteInfo = ZERO_CHECK;
		};
		96F6445A5F9F4131A67D687D /* PBXContainerItemProxy */ = {
			isa = PBXContainerItemProxy;
			containerPortal = 557B62B9020044079457A449 /* Project object */;
			proxyType = 1;
			remoteGlobalIDString = 53D903081A1D2EC7C2E0B130;
			remoteInfo = ZERO_CHECK;
		};
		E4C64812076140918A6FE525 /* PBXContainerItemProxy */ = {
			isa = PBXContainerItemProxy;
			containerPortal = 557B62B9020044079457A449 /* Project object */;
			proxyType = 1;
			remoteGlobalIDString = 2EBEA26C6BDCA41794861519;
			remoteInfo = Strings;
		};
/* End PBXContainerItemProxy section */

/* Begin PBXFileReference section */
		07FA45FB906046CC9E0FC037 /* Strings */ = {isa = PBXFileReference; explicitFileType = "compiled.mach-o.executable"; path = Strings; sourceTree = BUILT_PRODUCTS_DIR; };
		86870DA0D95F431FAFF5C2DE /* /Users/robert/code/CodingExperiments/C++/Strings/Strings/Strings.cpp */ = {isa = PBXFileReference; explicitFileType = sourcecode.cpp.cpp; fileEncoding = 4; name = Strings.cpp; path = Strings/Strings.cpp; sourceTree = SOURCE_ROOT; };
		8F49AE12EF444CC78A703E97 /* /Users/robert/code/CodingExperiments/C++/Strings/CMakeLists.txt */ = {isa = PBXFileReference; explicitFileType = sourcecode.text; fileEncoding = 4; name = CMakeLists.txt; path = CMakeLists.txt; sourceTree = SOURCE_ROOT; };
		C9B58C9835744A728F945829 /* /Users/robert/code/CodingExperiments/C++/Strings/Strings/Strings.h */ = {isa = PBXFileReference; explicitFileType = sourcecode.c.h; fileEncoding = 4; name = Strings.h; path = Strings/Strings.h; sourceTree = SOURCE_ROOT; };
		F986F960E5214506BC4AD638 /* /Users/robert/code/CodingExperiments/C++/Strings/Strings/CMakeLists.txt */ = {isa = PBXFileReference; explicitFileType = sourcecode.text; fileEncoding = 4; name = CMakeLists.txt; path = Strings/CMakeLists.txt; sourceTree = SOURCE_ROOT; };
/* End PBXFileReference section */

/* Begin PBXFrameworksBuildPhase section */
		5309F0BE297F47DDA33E9826 /* Frameworks */ = {
			isa = PBXFrameworksBuildPhase;
			buildActionMask = 2147483647;
			files = (
			);
			runOnlyForDeploymentPostprocessing = 0;
		};
/* End PBXFrameworksBuildPhase section */

/* Begin PBXGroup section */
		26E430686A7D4D01AA386FA7 /* Products */ = {
			isa = PBXGroup;
			children = (
				07FA45FB906046CC9E0FC037 /* Strings */,
			);
			name = Products;
			sourceTree = "<group>";
		};
		30CD47B8E356489B819B734B /* Source Files */ = {
			isa = PBXGroup;
			children = (
				86870DA0D95F431FAFF5C2DE /* /Users/robert/code/CodingExperiments/C++/Strings/Strings/Strings.cpp */,
			);
			name = "Source Files";
			sourceTree = "<group>";
		};
		3E3687D3BFBB4B88B954CFBC /* Header Files */ = {
			isa = PBXGroup;
			children = (
				C9B58C9835744A728F945829 /* /Users/robert/code/CodingExperiments/C++/Strings/Strings/Strings.h */,
			);
			name = "Header Files";
			sourceTree = "<group>";
		};
		638E7DA1ABA048F4BA2B02A0 /* ALL_BUILD */ = {
			isa = PBXGroup;
			children = (
				DE1EA4CAC36F424786B2F256 /* CMake Rules */,
				8F49AE12EF444CC78A703E97 /* /Users/robert/code/CodingExperiments/C++/Strings/CMakeLists.txt */,
			);
			name = ALL_BUILD;
			sourceTree = "<group>";
		};
		877F4FF92BE2451789AD688B = {
			isa = PBXGroup;
			children = (
				638E7DA1ABA048F4BA2B02A0 /* ALL_BUILD */,
				E912913C8CC648F7892E78A0 /* Strings */,
				26E430686A7D4D01AA386FA7 /* Products */,
				8ACAD467BF78404DBE33511E /* Frameworks */,
				B2F4E236275B4CCAB669F38C /* Resources */,
			);
			sourceTree = "<group>";
		};
		8ACAD467BF78404DBE33511E /* Frameworks */ = {
			isa = PBXGroup;
			children = (
			);
			name = Frameworks;
			sourceTree = "<group>";
		};
		B2F4E236275B4CCAB669F38C /* Resources */ = {
			isa = PBXGroup;
			children = (
			);
			name = Resources;
			sourceTree = "<group>";
		};
		DE1EA4CAC36F424786B2F256 /* CMake Rules */ = {
			isa = PBXGroup;
			children = (
			);
			name = "CMake Rules";
			sourceTree = "<group>";
		};
		E912913C8CC648F7892E78A0 /* Strings */ = {
			isa = PBXGroup;
			children = (
				30CD47B8E356489B819B734B /* Source Files */,
				3E3687D3BFBB4B88B954CFBC /* Header Files */,
				F986F960E5214506BC4AD638 /* /Users/robert/code/CodingExperiments/C++/Strings/Strings/CMakeLists.txt */,
			);
			name = Strings;
			sourceTree = "<group>";
		};
/* End PBXGroup section */

/* Begin PBXNativeTarget section */
		2EBEA26C6BDCA41794861519 /* Strings */ = {
			isa = PBXNativeTarget;
			buildConfigurationList = 75A92FC555E24E0DBA4276B5 /* Build configuration list for PBXNativeTarget "Strings" */;
			buildPhases = (
				E4E0B7054C3E46D5ADA3CBA8 /* Sources */,
				5309F0BE297F47DDA33E9826 /* Frameworks */,
			);
			buildRules = (
			);
			dependencies = (
				1C7F86E6A8C14CB7BA7EAC34 /* PBXTargetDependency */,
			);
			name = Strings;
			productName = Strings;
			productReference = 07FA45FB906046CC9E0FC037 /* Strings */;
			productType = "com.apple.product-type.tool";
		};
/* End PBXNativeTarget section */

/* Begin PBXProject section */
		557B62B9020044079457A449 /* Project object */ = {
			isa = PBXProject;
			attributes = {
				BuildIndependentTargetsInParallel = YES;
				LastUpgradeCheck = 2600;
			};
			buildConfigurationList = E4E94D6876D04CE5813D6CDB /* Build configuration list for PBXProject "Strings" */;
			buildSettings = {
			};
			buildStyles = (
				CA127AD1C48D411082234769 /* Debug */,
				B531F6D72D9B4AA898EFEA03 /* Release */,
				977C05E0FAD845C09B703534 /* MinSizeRel */,
				3954571334F74E688B9D50FF /* RelWithDebInfo */,
			);
			compatibilityVersion = "Xcode 3.2";
			hasScannedForEncodings = 0;
			mainGroup = 877F4FF92BE2451789AD688B;
			projectDirPath = .;
			projectRoot = "";
			targets = (
				FB0D06F7B283ED96B4E2531C /* ALL_BUILD */,
				2EBEA26C6BDCA41794861519 /* Strings */,
				53D903081A1D2EC7C2E0B130 /* ZERO_CHECK */,
			);
		};
/* End PBXProject section */

/* Begin PBXShellScriptBuildPhase section */
		3C0110FC8322DE7E50886E21 = {
			isa = PBXShellScriptBuildPhase;
			buildActionMask = 2147483647;
			files = (
			);
			inputPaths = (
			);
			outputPaths = (
			);
			runOnlyForDeploymentPostprocessing = 0;
			shellPath = /bin/sh;
			shellScript = "# shell script goes here
exit 0";
			showEnvVarsInLog = 0;
		};
		9B50530E35CC49C82C2FACCF = {
			isa = PBXShellScriptBuildPhase;
			buildActionMask = 2147483647;
			files = (
			);
			inputPaths = (
			);
			outputPaths = (
			);
			runOnlyForDeploymentPostprocessing = 0;
			shellPath = /bin/sh;
			shellScript = "# shell script goes here
exit 0";
			showEnvVarsInLog = 0;
		};
		A8A728FD8C5441476AEB7A3D /* Generate CMakeFiles/ALL_BUILD */ = {
			isa = PBXShellScriptBuildPhase;
			alwaysOutOfDate = 1;
			buildActionMask = 2147483647;
			files = (
			);
			inputPaths = (
			);
			name = "Generate CMakeFiles/ALL_BUILD";
			outputPaths = (
"/Users/robert/code/CodingExperiments/C++/Strings/CMakeFiles/ALL_BUILD"			);
			runOnlyForDeploymentPostprocessing = 0;
			shellPath = /bin/sh;
			shellScript = "set -e
if test \"$CONFIGURATION\" = \"Debug\"; then :
  cd /Users/robert/code/CodingExperiments/C++/Strings
  echo Build\\ all\\ projects
fi
if test \"$CONFIGURATION\" = \"Release\"; then :
  cd /Users/robert/code/CodingExperiments/C++/Strings
  echo Build\\ all\\ projects
fi
if test \"$CONFIGURATION\" = \"MinSizeRel\"; then :
  cd /Users/robert/code/CodingExperiments/C++/Strings
  echo Build\\ all\\ projects
fi
if test \"$CONFIGURATION\" = \"RelWithDebInfo\"; then :
  cd /Users/robert/code/CodingExperiments/C++/Strings
  echo Build\\ all\\ projects
fi
";
			showEnvVarsInLog = 0;
		};
		EF4F589C66036CDBD3B11425 /* Generate CMakeFiles/ZERO_CHECK */ = {
			isa = PBXShellScriptBuildPhase;
			alwaysOutOfDate = 1;
			buildActionMask = 2147483647;
			files = (
			);
			inputPaths = (
			);
			name = "Generate CMakeFiles/ZERO_CHECK";
			outputPaths = (
"/Users/robert/code/CodingExperiments/C++/Strings/CMakeFiles/ZERO_CHECK"			);
			runOnlyForDeploymentPostprocessing = 0;
			shellPath = /bin/sh;
			shellScript = "set -e
if test \"$CONFIGURATION\" = \"Debug\"; then :
  cd /Users/robert/code/CodingExperiments/C++/Strings
  make -f /Users/robert/code/CodingExperiments/C++/Strings/CMakeScripts/ReRunCMake.make
fi
if test \"$CONFIGURATION\" = \"Release\"; then :
  cd /Users/robert/code/CodingExperiments/C++/Strings
  make -f /Users/robert/code/CodingExperiments/C++/Strings/CMakeScripts/ReRunCMake.make
fi
if test \"$CONFIGURATION\" = \"MinSizeRel\"; then :
  cd /Users/robert/code/CodingExperiments/C++/Strings
  make -f /Users/robert/code/CodingExperiments/C++/Strings/CMakeScripts/ReRunCMake.make
fi
if test \"$CONFIGURATION\" = \"RelWithDebInfo\"; then :
  cd /Users/robert/code/CodingExperiments/C++/Strings
  make -f /Users/robert/code/CodingExperiments/C++/Strings/CMakeScripts/ReRunCMake.make
fi
";
			showEnvVarsInLog = 0;
		};
/* End PBXShellScriptBuildPhase section */

/* Begin PBXSourcesBuildPhase section */
		E4E0B7054C3E46D5ADA3CBA8 /* Sources */ = {
			isa = PBXSourcesBuildPhase;
			buildActionMask = 2147483647;
			files = (
				37251B5856804A3D94E483E5 /* /Users/robert/code/CodingExperiments/C++/Strings/Strings/Strings.cpp */,
			);
			runOnlyForDeploymentPostprocessing = 0;
		};
/* End PBXSourcesBuildPhase section */

/* Begin PBXTargetDependency section */
		1C7F86E6A8C14CB7BA7EAC34 /* PBXTargetDependency */ = {
			isa = PBXTargetDependency;
			target = 53D903081A1D2EC7C2E0B130 /* ZERO_CHECK */;
			targetProxy = 1F9ED28EFB844071BBF74091 /* PBXContainerItemProxy */;
		};
		336F6EDC1E9942E79AB17AB8 /* PBXTargetDependency */ = {
			isa = PBXTargetDependency;
			target = 53D903081A1D2EC7C2E0B130 /* ZERO_CHECK */;
			targetProxy = 96F6445A5F9F4131A67D687D /* PBXContainerItemProxy */;
		};
		3C376B7AA3464D7A82025C32 /* PBXTargetDependency */ = {
			isa = PBXTargetDependency;
			target = 2EBEA26C6BDCA41794861519 /* Strings */;
			targetProxy = E4C64812076140918A6FE525 /* PBXContainerItemProxy */;
		};
/* End PBXTargetDependency section */

/* Begin XCBuildConfiguration section */
		228779FA61894431A769D4B3 /* MinSizeRel */ = {
			isa = XCBuildConfiguration;
			buildSettings = {
				ALWAYS_SEARCH_USER_PATHS = NO;
				ARCHS = arm64;
				COMBINE_HIDPI_IMAGES = YES;
				CONFIGURATION_BUILD_DIR = "/Users/robert/code/CodingExperiments/C++/Strings/Strings/MinSizeRel";
				EXECUTABLE_PREFIX = "";
				EXECUTABLE_SUFFIX = "";
				GCC_GENERATE_DEBUGGING_SYMBOLS = NO;
				GCC_INLINES_ARE_PRIVATE_EXTERN = NO;
				GCC_OPTIMIZATION_LEVEL = s;
				GCC_PREPROCESSOR_DEFINITIONS = ("'CMAKE_INTDIR=\"$(CONFIGURATION)$(EFFECTIVE_PLATFORM_NAME)\"'","$(inherited)");
				GCC_SYMBOLS_PRIVATE_EXTERN = NO;
				INSTALL_PATH = "";
				ONLY_ACTIVE_ARCH = NO;
				OTHER_CPLUSPLUSFLAGS = "    -DNDEBUG ";
				OTHER_LDFLAGS = (" -Wl,-search_paths_first -Wl,-headerpad_max_install_names","$(inherited)");
				OTHER_REZFLAGS = "";
				PRODUCT_NAME = Strings;
				SECTORDER_FLAGS = "";
				TARGET_TEMP_DIR = "/Users/robert/code/CodingExperiments/C++/Strings/build/Strings.build/$(CONFIGURATION)$(EFFECTIVE_PLATFORM_NAME)";
				USE_HEADERMAP = NO;
				WARNING_CFLAGS = ("$(inherited)");
			};
			name = MinSizeRel;
		};
		24487861B9A440DD9A7B5CAD /* Release */ = {
			isa = XCBuildConfiguration;
			buildSettings = {
				ALWAYS_SEARCH_USER_PATHS = NO;
				ARCHS = arm64;
				COMBINE_HIDPI_IMAGES = YES;
				GCC_GENERATE_DEBUGGING_SYMBOLS = YES;
				GCC_INLINES_ARE_PRIVATE_EXTERN = NO;
				GCC_OPTIMIZATION_LEVEL = 0;
				GCC_PREPROCESSOR_DEFINITIONS = ("'CMAKE_INTDIR=\"$(CONFIGURATION)$(EFFECTIVE_PLATFORM_NAME)\"'","$(inherited)");
				GCC_SYMBOLS_PRIVATE_EXTERN = NO;
				INSTALL_PATH = "";
				ONLY_ACTIVE_ARCH = NO;
				OTHER_LDFLAGS = ("","$(inherited)");
				OTHER_REZFLAGS = "";
				PRODUCT_NAME = ZERO_CHECK;
				SECTORDER_FLAGS = "";
				USE_HEADERMAP = NO;
				WARNING_CFLAGS = ("$(inherited)");
			};
			name = Release;
		};
		45E10F155085483ABE9C7964 /* Debug */ = {
			isa = XCBuildConfiguration;
			buildSettings = {
				ALWAYS_SEARCH_USER_PATHS = NO;
				ARCHS = arm64;
				COMBINE_HIDPI_IMAGES = YES;
				CONFIGURATION_BUILD_DIR = "/Users/robert/code/CodingExperiments/C++/Strings/Strings/Debug";
				EXECUTABLE_PREFIX = "";
				EXECUTABLE_SUFFIX = "";
				GCC_GENERATE_DEBUGGING_SYMBOLS = YES;
				GCC_INLINES_ARE_PRIVATE_EXTERN = NO;
				GCC_OPTIMIZATION_LEVEL = 0;
				GCC_PREPROCESSOR_DEFINITIONS = ("'CMAKE_INTDIR=\"$(CONFIGURATION)$(EFFECTIVE_PLATFORM_NAME)\"'","$(inherited)");
				GCC_SYMBOLS_PRIVATE_EXTERN = NO;
				INSTALL_PATH = "";
				ONLY_ACTIVE_ARCH = NO;
				OTHER_CPLUSPLUSFLAGS = "   ";
				OTHER_LDFLAGS = (" -Wl,-search_paths_first -Wl,-headerpad_max_install_names","$(inherited)");
				OTHER_REZFLAGS = "";
				PRODUCT_NAME = Strings;
				SECTORDER_FLAGS = "";
				TARGET_TEMP_DIR = "/Users/robert/code/CodingExperiments/C++/Strings/build/Strings.build/$(CONFIGURATION)$(EFFECTIVE_PLATFORM_NAME)";
				USE_HEADERMAP = NO;
				WARNING_CFLAGS = ("$(inherited)");
			};
			name = Debug;
		};
		491B615ED83541329A37C2D8 /* Release */ = {
			isa = XCBuildConfiguration;
			buildSettings = {
				ARCHS = arm64;
				SDKROOT = "";
				SWIFT_COMPILATION_MODE = wholemodule;
				SYMROOT = "/Users/robert/code/CodingExperiments/C++/Strings/build";
			};
			name = Release;
		};
		522DAC97FADD49BB9DBABC8F /* RelWithDebInfo */ = {
			isa = XCBuildConfiguration;
			buildSettings = {
				ALWAYS_SEARCH_USER_PATHS = NO;
				ARCHS = arm64;
				COMBINE_HIDPI_IMAGES = YES;
				CONFIGURATION_BUILD_DIR = "/Users/robert/code/CodingExperiments/C++/Strings/Strings/RelWithDebInfo";
				EXECUTABLE_PREFIX = "";
				EXECUTABLE_SUFFIX = "";
				GCC_GENERATE_DEBUGGING_SYMBOLS = YES;
				GCC_INLINES_ARE_PRIVATE_EXTERN = NO;
				GCC_OPTIMIZATION_LEVEL = 2;
				GCC_PREPROCESSOR_DEFINITIONS = ("'CMAKE_INTDIR=\"$(CONFIGURATION)$(EFFECTIVE_PLATFORM_NAME)\"'","$(inherited)");
				GCC_SYMBOLS_PRIVATE_EXTERN = NO;
				INSTALL_PATH = "";
				ONLY_ACTIVE_ARCH = NO;
				OTHER_CPLUSPLUSFLAGS = "       -DNDEBUG ";
				OTHER_LDFLAGS = (" -Wl,-search_paths_first -Wl,-headerpad_max_install_names","$(inherited)");
				OTHER_REZFLAGS = "";
				PRODUCT_NAME = Strings;
				SECTORDER_FLAGS = "";
				TARGET_TEMP_DIR = "/Users/robert/code/CodingExperiments/C++/Strings/build/Strings.build/$(CONFIGURATION)$(EFFECTIVE_PLATFORM_NAME)";
				USE_HEADERMAP = NO;
				WARNING_CFLAGS = ("$(inherited)");
			};
			name = RelWithDebInfo;
		};
		543AC5B7DE7B481D9D022657 /* Release */ = {
			isa = XCBuildConfiguration;
			buildSettings = {
				ALWAYS_SEARCH_USER_PATHS = NO;
				ARCHS = arm64;
				COMBINE_HIDPI_IMAGES = YES;
				CONFIGURATION_BUILD_DIR = "/Users/robert/code/CodingExperiments/C++/Strings/Strings/Release";
				EXECUTABLE_PREFIX = "";
				EXECUTABLE_SUFFIX = "";
				GCC_GENERATE_DEBUGGING_SYMBOLS = NO;
				GCC_INLINES_ARE_PRIVATE_EXTERN = NO;
				GCC_OPTIMIZATION_LEVEL = 3;
				GCC_PREPROCESSOR_DEFINITIONS = ("'CMAKE_INTDIR=\"$(CONFIGURATION)$(EFFECTIVE_PLATFORM_NAME)\"'","$(inherited)");
				GCC_SYMBOLS_PRIVATE_EXTERN = NO;
				INSTALL_PATH = "";
				ONLY_ACTIVE_ARCH = NO;
				OTHER_CPLUSPLUSFLAGS = "    -DNDEBUG ";
				OTHER_LDFLAGS = (" -Wl,-search_paths_first -Wl,-headerpad_max_install_names","$(inherited)");
				OTHER_REZFLAGS = "";
				PRODUCT_NAME = Strings;
				SECTORDER_FLAGS = "";
				TARGET_TEMP_DIR = "/Users/robert/code/CodingExperiments/C++/Strings/build/Strings.build/$(CONFIGURATION)$(EFFECTIVE_PLATFORM_NAME)";
				USE_HEADERMAP = NO;
				WARNING_CFLAGS = ("$(inherited)");
			};
			name = Release;
		};
		688739415B324A32A94E932E /* MinSizeRel */ = {
			isa = XCBuildConfiguration;
			buildSettings = {
				ARCHS = arm64;
				SDKROOT = "";
				SWIFT_COMPILATION_MODE = wholemodule;
				SYMROOT = "/Users/robert/code/CodingExperiments/C++/Strings/build";
			};
			name = MinSizeRel;
		};
		96EF8D82BAF24DC7A949B845 /* Debug */ = {
			isa = XCBuildConfiguration;
			buildSettings = {
				ALWAYS_SEARCH_USER_PATHS = NO;
				ARCHS = arm64;
				COMBINE_HIDPI_IMAGES = YES;
				GCC_GENERATE_DEBUGGING_SYMBOLS = YES;
				GCC_INLINES_ARE_PRIVATE_EXTERN = NO;
				GCC_OPTIMIZATION_LEVEL = 0;
				GCC_PREPROCESSOR_DEFINITIONS = ("'CMAKE_INTDIR=\"$(CONFIGURATION)$(EFFECTIVE_PLATFORM_NAME)\"'","$(inherited)");
				GCC_SYMBOLS_PRIVATE_EXTERN = NO;
				INSTALL_PATH = "";
				ONLY_ACTIVE_ARCH = NO;
				OTHER_LDFLAGS = ("","$(inherited)");
				OTHER_REZFLAGS = "";
				PRODUCT_NAME = ZERO_CHECK;
				SECTORDER_FLAGS = "";
				USE_HEADERMAP = NO;
				WARNING_CFLAGS = ("$(inherited)");
			};
			name = Debug;
		};
		9F0D99B545E14E1C959C9558 /* Debug */ = {
			isa = XCBuildConfiguration;
			buildSettings = {
				ARCHS = arm64;
				SDKROOT = "";
				SYMROOT = "/Users/robert/code/CodingExperiments/C++/Strings/build";
			};
			name = Debug;
		};
		A73EE783432C4B44BC2DDA7E /* RelWithDebInfo */ = {
			isa = XCBuildConfiguration;
			buildSettings = {
				ARCHS = arm64;
				SDKROOT = "";
				SWIFT_COMPILATION_MODE = wholemodule;
				SYMROOT = "/Users/robert/code/CodingExperiments/C++/Strings/build";
			};
			name = RelWithDebInfo;
		};
		BE7C620F7FA249EA93CC9CDE /* Release */ = {
			isa = XCBuildConfiguration;
			buildSettings = {
				ALWAYS_SEARCH_USER_PATHS = NO;
				ARCHS = arm64;
				COMBINE_HIDPI_IMAGES = YES;
				GCC_GENERATE_DEBUGGING_SYMBOLS = YES;
				GCC_INLINES_ARE_PRIVATE_EXTERN = NO;
				GCC_OPTIMIZATION_LEVEL = 0;
				GCC_PREPROCESSOR_DEFINITIONS = ("'CMAKE_INTDIR=\"$(CONFIGURATION)$(EFFECTIVE_PLATFORM_NAME)\"'","$(inherited)");
				GCC_SYMBOLS_PRIVATE_EXTERN = NO;
				INSTALL_PATH = "";
				ONLY_ACTIVE_ARCH = NO;
				OTHER_LDFLAGS = ("","$(inherited)");
				OTHER_REZFLAGS = "";
				PRODUCT_NAME = ALL_BUILD;
				SECTORDER_FLAGS = "";
				USE_HEADERMAP = NO;
				WARNING_CFLAGS = ("$(inherited)");
			};
			name = Release;
		};
		D93B576400FB4FA88E4D3D8A /* MinSizeRel */ = {
			isa = XCBuildConfiguration;
			buildSettings = {
				ALWAYS_SEARCH_USER_PATHS = NO;
				ARCHS = arm64;
				COMBINE_HIDPI_IMAGES = YES;
				GCC_GENERATE_DEBUGGING_SYMBOLS = YES;
				GCC_INLINES_ARE_PRIVATE_EXTERN = NO;
				GCC_OPTIMIZATION_LEVEL = 0;
				GCC_PREPROCESSOR_DEFINITIONS = ("'CMAKE_INTDIR=\"$(CONFIGURATION)$(EFFECTIVE_PLATFORM_NAME)\"'","$(inherited)");
				GCC_SYMBOLS_PRIVATE_EXTERN = NO;
				INSTALL_PATH = "";
				ONLY_ACTIVE_ARCH = NO;
				OTHER_LDFLAGS = ("","$(inherited)");
				OTHER_REZFLAGS = "";
				PRODUCT_NAME = ALL_BUILD;
				SECTORDER_FLAGS = "";
				USE_HEADERMAP = NO;
				WARNING_CFLAGS = ("$(inherited)");
			};
			name = MinSizeRel;
		};
		DBB19877C7654A25B1B0E847 /* MinSizeRel */ = {
			isa = XCBuildConfiguration;
			buildSettings = {
				ALWAYS_SEARCH_USER_PATHS = NO;
				ARCHS = arm64;
				COMBINE_HIDPI_IMAGES = YES;
				GCC_GENERATE_DEBUGGING_SYMBOLS = YES;
				GCC_INLINES_ARE_PRIVATE_EXTERN = NO;
				GCC_OPTIMIZATION_LEVEL = 0;
				GCC_PREPROCESSOR_DEFINITIONS = ("'CMAKE_INTDIR=\"$(CONFIGURATION)$(EFFECTIVE_PLATFORM_NAME)\"'","$(inherited)");
				GCC_SYMBOLS_PRIVATE_EXTERN = NO;
				INSTALL_PATH = "";
				ONLY_ACTIVE_ARCH = NO;
				OTHER_LDFLAGS = ("","$(inherited)");
				OTHER_REZFLAGS = "";
				PRODUCT_NAME = ZERO_CHECK;
				SECTORDER_FLAGS = "";
				USE_HEADERMAP = NO;
				WARNING_CFLAGS = ("$(inherited)");
			};
			name = MinSizeRel;
		};
		DDDA5387B8C84E31A405691F /* Debug */ = {
			isa = XCBuildConfiguration;
			buildSettings = {
				ALWAYS_SEARCH_USER_PATHS = NO;
				ARCHS = arm64;
				COMBINE_HIDPI_IMAGES = YES;
				GCC_GENERATE_DEBUGGING_SYMBOLS = YES;
				GCC_INLINES_ARE_PRIVATE_EXTERN = NO;
				GCC_OPTIMIZATION_LEVEL = 0;
				GCC_PREPROCESSOR_DEFINITIONS = ("'CMAKE_INTDIR=\"$(CONFIGURATION)$(EFFECTIVE_PLATFORM_NAME)\"'","$(inherited)");
				GCC_SYMBOLS_PRIVATE_EXTERN = NO;
				INSTALL_PATH = "";
				ONLY_ACTIVE_ARCH = NO;
				OTHER_LDFLAGS = ("","$(inherited)");
				OTHER_REZFLAGS = "";
				PRODUCT_NAME = ALL_BUILD;
				SECTORDER_FLAGS = "";
				USE_HEADERMAP = NO;
				WARNING_CFLAGS = ("$(inherited)");
			};
			name = Debug;
		};
		E653EA80795F436283B44310 /* RelWithDebInfo */ = {
			isa = XCBuildConfiguration;
			buildSettings = {
				ALWAYS_SEARCH_USER_PATHS = NO;
				ARCHS = arm64;
				COMBINE_HIDPI_IMAGES = YES;
				GCC_GENERATE_DEBUGGING_SYMBOLS = YES;
				GCC_INLINES_ARE_PRIVATE_EXTERN = NO;
				GCC_OPTIMIZATION_LEVEL = 0;
				GCC_PREPROCESSOR_DEFINITIONS = ("'CMAKE_INTDIR=\"$(CONFIGURATION)$(EFFECTIVE_PLATFORM_NAME)\"'","$(inherited)");
				GCC_SYMBOLS_PRIVATE_EXTERN = NO;
				INSTALL_PATH = "";
				ONLY_ACTIVE_ARCH = NO;
				OTHER_LDFLAGS = ("","$(inherited)");
				OTHER_REZFLAGS = "";
				PRODUCT_NAME = ZERO_CHECK;
				SECTORDER_FLAGS = "";
				USE_HEADERMAP = NO;
				WARNING_CFLAGS = ("$(inherited)");
			};
			name = RelWithDebInfo;
		};
		F7A87EB600A6432FB05B6703 /* RelWithDebInfo */ = {
			isa = XCBuildConfiguration;
			buildSettings = {
				ALWAYS_SEARCH_USER_PATHS = NO;
				ARCHS = arm64;
				COMBINE_HIDPI_IMAGES = YES;
				GCC_GENERATE_DEBUGGING_SYMBOLS = YES;
				GCC_INLINES_ARE_PRIVATE_EXTERN = NO;
				GCC_OPTIMIZATION_LEVEL = 0;
				GCC_PREPROCESSOR_DEFINITIONS = ("'CMAKE_INTDIR=\"$(CONFIGURATION)$(EFFECTIVE_PLATFORM_NAME)\"'","$(inherited)");
				GCC_SYMBOLS_PRIVATE_EXTERN = NO;
				INSTALL_PATH = "";
				ONLY_ACTIVE_ARCH = NO;
				OTHER_LDFLAGS = ("","$(inherited)");
				OTHER_REZFLAGS = "";
				PRODUCT_NAME = ALL_BUILD;
				SECTORDER_FLAGS = "";
				USE_HEADERMAP = NO;
				WARNING_CFLAGS = ("$(inherited)");
			};
			name = RelWithDebInfo;
		};
/* End XCBuildConfiguration section */

/* Begin XCConfigurationList section */
		6909C0F1A2BD41A98DEBDA5C /* Build configuration list for PBXAggregateTarget "ALL_BUILD" */ = {
			isa = XCConfigurationList;
			buildConfigurations = (
				DDDA5387B8C84E31A405691F /* Debug */,
				BE7C620F7FA249EA93CC9CDE /* Release */,
				D93B576400FB4FA88E4D3D8A /* MinSizeRel */,
				F7A87EB600A6432FB05B6703 /* RelWithDebInfo */,
			);
			defaultConfigurationIsVisible = 0;
			defaultConfigurationName = Debug;
		};
		6C32247687154BC1AA5EBE88 /* Build configuration list for PBXAggregateTarget "ZERO_CHECK" */ = {
			isa = XCConfigurationList;
			buildConfigurations = (
				96EF8D82BAF24DC7A949B845 /* Debug */,
				24487861B9A440DD9A7B5CAD /* Release */,
				DBB19877C7654A25B1B0E847 /* MinSizeRel */,
				E653EA80795F436283B44310 /* RelWithDebInfo */,
			);
			defaultConfigurationIsVisible = 0;
			defaultConfigurationName = Debug;
		};
		75A92FC555E24E0DBA4276B5 /* Build configuration list for PBXNativeTarget "Strings" */ = {
			isa = XCConfigurationList;
			buildConfigurations = (
				45E10F155085483ABE9C7964 /* Debug */,
				543AC5B7DE7B481D9D022657 /* Release */,
				228779FA61894431A769D4B3 /* MinSizeRel */,
				522DAC97FADD49BB9DBABC8F /* RelWithDebInfo */,
			);
			defaultConfigurationIsVisible = 0;
			defaultConfigurationName = Debug;
		};
		E4E94D6876D04CE5813D6CDB /* Build configuration list for PBXProject "Strings" */ = {
			isa = XCConfigurationList;
			buildConfigurations = (
				9F0D99B545E14E1C959C9558 /* Debug */,
				491B615ED83541329A37C2D8 /* Release */,
				688739415B324A32A94E932E /* MinSizeRel */,
				A73EE783432C4B44BC2DDA7E /* RelWithDebInfo */,
			);
			defaultConfigurationIsVisible = 0;
			defaultConfigurationName = Debug;
		};
/* End XCConfigurationList section */
	};
	rootObject = 557B62B9020044079457A449 /* Project object */;
}
