
Microsoft Visual Studio Solution File, Format Version 12.00
# Visual Studio 15
VisualStudioVersion = 15.0.27130.2020
MinimumVisualStudioVersion = 10.0.40219.1
Project("{888888A0-9F3D-457C-B088-3A5042F75D52}") = "PriorityQueues", "PriorityQueues.pyproj", "{741ED96F-04A2-4195-84C2-AE28790E1520}"
EndProject
Global
	GlobalSection(SolutionConfigurationPlatforms) = preSolution
		Debug|Any CPU = Debug|Any CPU
		Release|Any CPU = Release|Any CPU
	EndGlobalSection
	GlobalSection(ProjectConfigurationPlatforms) = postSolution
		{741ED96F-04A2-4195-84C2-AE28790E1520}.Debug|Any CPU.ActiveCfg = Debug|Any CPU
		{741ED96F-04A2-4195-84C2-AE28790E1520}.Release|Any CPU.ActiveCfg = Release|Any CPU
	EndGlobalSection
	GlobalSection(SolutionProperties) = preSolution
		HideSolutionNode = FALSE
	EndGlobalSection
	GlobalSection(ExtensibilityGlobals) = postSolution
		SolutionGuid = {3606E977-A878-4D55-A480-B46A42ADF606}
	EndGlobalSection
EndGlobal
