
Microsoft Visual Studio Solution File, Format Version 12.00
# Visual Studio Version 16
VisualStudioVersion = 16.0.29905.134
MinimumVisualStudioVersion = 10.0.40219.1
Project("{9A19103F-16F7-4668-BE54-9A1E7A4F7556}") = "Sorting.Lib", "Sorting.Lib\Sorting.Lib.csproj", "{48B2536F-30B9-489E-81E9-EEAB377E963B}"
EndProject
Project("{9A19103F-16F7-4668-BE54-9A1E7A4F7556}") = "Sorting.Test", "Sorting.Test\Sorting.Test.csproj", "{909AE51B-A70F-44D1-8568-64BBD4A25CAD}"
EndProject
Project("{9A19103F-16F7-4668-BE54-9A1E7A4F7556}") = "Sorting", "Sorting\Sorting.csproj", "{641F64EC-43FA-4F24-B437-DA534F688475}"
EndProject
Project("{FAE04EC0-301F-11D3-BF4B-00C04F79EFBC}") = "DataStructures", "DataStructures\DataStructures.csproj", "{09AB8DA0-8E58-444E-8C29-DCB4F4CE2A41}"
EndProject
Project("{FAE04EC0-301F-11D3-BF4B-00C04F79EFBC}") = "DataStructures.Test", "DataStructures.Test\DataStructures.Test.csproj", "{9502FEC3-CB9E-43D1-862F-CA261AFB7F98}"
EndProject
Project("{FAE04EC0-301F-11D3-BF4B-00C04F79EFBC}") = "Cache", "Cache\Cache.csproj", "{CEC5D3CC-1EAE-4EC0-8CA4-8F3B3B1A9B59}"
EndProject
Project("{FAE04EC0-301F-11D3-BF4B-00C04F79EFBC}") = "Cache.Test", "Cache.Test\Cache.Test.csproj", "{9434A6FB-3B01-4142-8198-A36DE9229B5B}"
EndProject
Global
	GlobalSection(SolutionConfigurationPlatforms) = preSolution
		Debug|Any CPU = Debug|Any CPU
		Debug|x86 = Debug|x86
		Release|Any CPU = Release|Any CPU
		Release|x86 = Release|x86
	EndGlobalSection
	GlobalSection(ProjectConfigurationPlatforms) = postSolution
		{48B2536F-30B9-489E-81E9-EEAB377E963B}.Debug|Any CPU.ActiveCfg = Debug|Any CPU
		{48B2536F-30B9-489E-81E9-EEAB377E963B}.Debug|Any CPU.Build.0 = Debug|Any CPU
		{48B2536F-30B9-489E-81E9-EEAB377E963B}.Debug|x86.ActiveCfg = Debug|Any CPU
		{48B2536F-30B9-489E-81E9-EEAB377E963B}.Debug|x86.Build.0 = Debug|Any CPU
		{48B2536F-30B9-489E-81E9-EEAB377E963B}.Release|Any CPU.ActiveCfg = Release|Any CPU
		{48B2536F-30B9-489E-81E9-EEAB377E963B}.Release|Any CPU.Build.0 = Release|Any CPU
		{48B2536F-30B9-489E-81E9-EEAB377E963B}.Release|x86.ActiveCfg = Release|Any CPU
		{48B2536F-30B9-489E-81E9-EEAB377E963B}.Release|x86.Build.0 = Release|Any CPU
		{909AE51B-A70F-44D1-8568-64BBD4A25CAD}.Debug|Any CPU.ActiveCfg = Debug|Any CPU
		{909AE51B-A70F-44D1-8568-64BBD4A25CAD}.Debug|Any CPU.Build.0 = Debug|Any CPU
		{909AE51B-A70F-44D1-8568-64BBD4A25CAD}.Debug|x86.ActiveCfg = Debug|Any CPU
		{909AE51B-A70F-44D1-8568-64BBD4A25CAD}.Debug|x86.Build.0 = Debug|Any CPU
		{909AE51B-A70F-44D1-8568-64BBD4A25CAD}.Release|Any CPU.ActiveCfg = Release|Any CPU
		{909AE51B-A70F-44D1-8568-64BBD4A25CAD}.Release|Any CPU.Build.0 = Release|Any CPU
		{909AE51B-A70F-44D1-8568-64BBD4A25CAD}.Release|x86.ActiveCfg = Release|Any CPU
		{909AE51B-A70F-44D1-8568-64BBD4A25CAD}.Release|x86.Build.0 = Release|Any CPU
		{641F64EC-43FA-4F24-B437-DA534F688475}.Debug|Any CPU.ActiveCfg = Debug|Any CPU
		{641F64EC-43FA-4F24-B437-DA534F688475}.Debug|Any CPU.Build.0 = Debug|Any CPU
		{641F64EC-43FA-4F24-B437-DA534F688475}.Debug|x86.ActiveCfg = Debug|Any CPU
		{641F64EC-43FA-4F24-B437-DA534F688475}.Debug|x86.Build.0 = Debug|Any CPU
		{641F64EC-43FA-4F24-B437-DA534F688475}.Release|Any CPU.ActiveCfg = Release|Any CPU
		{641F64EC-43FA-4F24-B437-DA534F688475}.Release|Any CPU.Build.0 = Release|Any CPU
		{641F64EC-43FA-4F24-B437-DA534F688475}.Release|x86.ActiveCfg = Release|Any CPU
		{641F64EC-43FA-4F24-B437-DA534F688475}.Release|x86.Build.0 = Release|Any CPU
		{09AB8DA0-8E58-444E-8C29-DCB4F4CE2A41}.Debug|Any CPU.ActiveCfg = Debug|Any CPU
		{09AB8DA0-8E58-444E-8C29-DCB4F4CE2A41}.Debug|Any CPU.Build.0 = Debug|Any CPU
		{09AB8DA0-8E58-444E-8C29-DCB4F4CE2A41}.Debug|x86.ActiveCfg = Debug|Any CPU
		{09AB8DA0-8E58-444E-8C29-DCB4F4CE2A41}.Debug|x86.Build.0 = Debug|Any CPU
		{09AB8DA0-8E58-444E-8C29-DCB4F4CE2A41}.Release|Any CPU.ActiveCfg = Release|Any CPU
		{09AB8DA0-8E58-444E-8C29-DCB4F4CE2A41}.Release|Any CPU.Build.0 = Release|Any CPU
		{09AB8DA0-8E58-444E-8C29-DCB4F4CE2A41}.Release|x86.ActiveCfg = Release|Any CPU
		{09AB8DA0-8E58-444E-8C29-DCB4F4CE2A41}.Release|x86.Build.0 = Release|Any CPU
		{9502FEC3-CB9E-43D1-862F-CA261AFB7F98}.Debug|Any CPU.ActiveCfg = Debug|Any CPU
		{9502FEC3-CB9E-43D1-862F-CA261AFB7F98}.Debug|Any CPU.Build.0 = Debug|Any CPU
		{9502FEC3-CB9E-43D1-862F-CA261AFB7F98}.Debug|x86.ActiveCfg = Debug|Any CPU
		{9502FEC3-CB9E-43D1-862F-CA261AFB7F98}.Debug|x86.Build.0 = Debug|Any CPU
		{9502FEC3-CB9E-43D1-862F-CA261AFB7F98}.Release|Any CPU.ActiveCfg = Release|Any CPU
		{9502FEC3-CB9E-43D1-862F-CA261AFB7F98}.Release|Any CPU.Build.0 = Release|Any CPU
		{9502FEC3-CB9E-43D1-862F-CA261AFB7F98}.Release|x86.ActiveCfg = Release|Any CPU
		{9502FEC3-CB9E-43D1-862F-CA261AFB7F98}.Release|x86.Build.0 = Release|Any CPU
		{CEC5D3CC-1EAE-4EC0-8CA4-8F3B3B1A9B59}.Debug|Any CPU.ActiveCfg = Debug|Any CPU
		{CEC5D3CC-1EAE-4EC0-8CA4-8F3B3B1A9B59}.Debug|Any CPU.Build.0 = Debug|Any CPU
		{CEC5D3CC-1EAE-4EC0-8CA4-8F3B3B1A9B59}.Debug|x86.ActiveCfg = Debug|Any CPU
		{CEC5D3CC-1EAE-4EC0-8CA4-8F3B3B1A9B59}.Debug|x86.Build.0 = Debug|Any CPU
		{CEC5D3CC-1EAE-4EC0-8CA4-8F3B3B1A9B59}.Release|Any CPU.ActiveCfg = Release|Any CPU
		{CEC5D3CC-1EAE-4EC0-8CA4-8F3B3B1A9B59}.Release|Any CPU.Build.0 = Release|Any CPU
		{CEC5D3CC-1EAE-4EC0-8CA4-8F3B3B1A9B59}.Release|x86.ActiveCfg = Release|Any CPU
		{CEC5D3CC-1EAE-4EC0-8CA4-8F3B3B1A9B59}.Release|x86.Build.0 = Release|Any CPU
		{9434A6FB-3B01-4142-8198-A36DE9229B5B}.Debug|Any CPU.ActiveCfg = Debug|Any CPU
		{9434A6FB-3B01-4142-8198-A36DE9229B5B}.Debug|Any CPU.Build.0 = Debug|Any CPU
		{9434A6FB-3B01-4142-8198-A36DE9229B5B}.Debug|x86.ActiveCfg = Debug|Any CPU
		{9434A6FB-3B01-4142-8198-A36DE9229B5B}.Debug|x86.Build.0 = Debug|Any CPU
		{9434A6FB-3B01-4142-8198-A36DE9229B5B}.Release|Any CPU.ActiveCfg = Release|Any CPU
		{9434A6FB-3B01-4142-8198-A36DE9229B5B}.Release|Any CPU.Build.0 = Release|Any CPU
		{9434A6FB-3B01-4142-8198-A36DE9229B5B}.Release|x86.ActiveCfg = Release|Any CPU
		{9434A6FB-3B01-4142-8198-A36DE9229B5B}.Release|x86.Build.0 = Release|Any CPU
	EndGlobalSection
	GlobalSection(SolutionProperties) = preSolution
		HideSolutionNode = FALSE
	EndGlobalSection
	GlobalSection(ExtensibilityGlobals) = postSolution
		SolutionGuid = {25891A08-CB65-461D-A5D0-E337CDEBC2BD}
	EndGlobalSection
EndGlobal
