
Microsoft Visual Studio Solution File, Format Version 12.00
# Visual Studio 15
VisualStudioVersion = 15.0.28307.136
MinimumVisualStudioVersion = 10.0.40219.1
Project("{FAE04EC0-301F-11D3-BF4B-00C04F79EFBC}") = "SocketEvents", "SocketEvents\SocketEvents.csproj", "{6FB8262E-9605-4C69-8A0D-EDAFBE3387BB}"
EndProject
Global
	GlobalSection(SolutionConfigurationPlatforms) = preSolution
		Debug|Any CPU = Debug|Any CPU
		Release|Any CPU = Release|Any CPU
	EndGlobalSection
	GlobalSection(ProjectConfigurationPlatforms) = postSolution
		{6FB8262E-9605-4C69-8A0D-EDAFBE3387BB}.Debug|Any CPU.ActiveCfg = Debug|Any CPU
		{6FB8262E-9605-4C69-8A0D-EDAFBE3387BB}.Debug|Any CPU.Build.0 = Debug|Any CPU
		{6FB8262E-9605-4C69-8A0D-EDAFBE3387BB}.Release|Any CPU.ActiveCfg = Release|Any CPU
		{6FB8262E-9605-4C69-8A0D-EDAFBE3387BB}.Release|Any CPU.Build.0 = Release|Any CPU
	EndGlobalSection
	GlobalSection(SolutionProperties) = preSolution
		HideSolutionNode = FALSE
	EndGlobalSection
	GlobalSection(ExtensibilityGlobals) = postSolution
		SolutionGuid = {381C67AB-61E3-4A8D-9100-7FD93A86F5A0}
	EndGlobalSection
EndGlobal
